// !$*UTF8*$!
{
	archiveVersion = 1;
	classes = {
	};
	objectVersion = 50;
	objects = {

/* Begin PBXBuildFile section */
		9032E18120A6B40900E0D301 /* AppDelegate.swift in Sources */ = {isa = PBXBuildFile; fileRef = 9032E18020A6B40900E0D301 /* AppDelegate.swift */; };
		9032E18320A6B40900E0D301 /* FirstViewController.swift in Sources */ = {isa = PBXBuildFile; fileRef = 9032E18220A6B40900E0D301 /* FirstViewController.swift */; };
		9032E18820A6B40900E0D301 /* Main.storyboard in Resources */ = {isa = PBXBuildFile; fileRef = 9032E18620A6B40900E0D301 /* Main.storyboard */; };
		9032E18A20A6B40900E0D301 /* Assets.xcassets in Resources */ = {isa = PBXBuildFile; fileRef = 9032E18920A6B40900E0D301 /* Assets.xcassets */; };
		9032E18D20A6B40900E0D301 /* LaunchScreen.storyboard in Resources */ = {isa = PBXBuildFile; fileRef = 9032E18B20A6B40900E0D301 /* LaunchScreen.storyboard */; };
		9032E19820A6B40900E0D301 /* Smart_Device_Development_projectTests.swift in Sources */ = {isa = PBXBuildFile; fileRef = 9032E19720A6B40900E0D301 /* Smart_Device_Development_projectTests.swift */; };
		9032E1A320A6B40900E0D301 /* Smart_Device_Development_projectUITests.swift in Sources */ = {isa = PBXBuildFile; fileRef = 9032E1A220A6B40900E0D301 /* Smart_Device_Development_projectUITests.swift */; };
		9032E1F720A6BE7900E0D301 /* ExerciseMain.storyboard in Resources */ = {isa = PBXBuildFile; fileRef = 9032E1F620A6BE7900E0D301 /* ExerciseMain.storyboard */; };
		9032E1F920A6C0F500E0D301 /* Home.storyboard in Resources */ = {isa = PBXBuildFile; fileRef = 9032E1F820A6C0F500E0D301 /* Home.storyboard */; };
		9032E1FC20A6C2EA00E0D301 /* Mood.storyboard in Resources */ = {isa = PBXBuildFile; fileRef = 9032E1FB20A6C2EA00E0D301 /* Mood.storyboard */; };
		9032E1FF20A6C34C00E0D301 /* Dietary.storyboard in Resources */ = {isa = PBXBuildFile; fileRef = 9032E1FE20A6C34C00E0D301 /* Dietary.storyboard */; };
		9032E20220A6C3E300E0D301 /* HealthyRestAdvisorMain.storyboard in Resources */ = {isa = PBXBuildFile; fileRef = 9032E20120A6C3E300E0D301 /* HealthyRestAdvisorMain.storyboard */; };
		9032E20920A6C5AB00E0D301 /* DietaryViewController.swift in Sources */ = {isa = PBXBuildFile; fileRef = 9032E20820A6C5AB00E0D301 /* DietaryViewController.swift */; };
		9032E20E20A6C5DE00E0D301 /* MoodViewController.swift in Sources */ = {isa = PBXBuildFile; fileRef = 9032E20D20A6C5DE00E0D301 /* MoodViewController.swift */; };
		9032E21020A6C5E600E0D301 /* HomeViewController.swift in Sources */ = {isa = PBXBuildFile; fileRef = 9032E20F20A6C5E600E0D301 /* HomeViewController.swift */; };
		9032E21320A6C5F900E0D301 /* ExerciseViewController.swift in Sources */ = {isa = PBXBuildFile; fileRef = 9032E21220A6C5F900E0D301 /* ExerciseViewController.swift */; };
		9032E21520A6C6EF00E0D301 /* HealthyRestAdvisorViewController.swift in Sources */ = {isa = PBXBuildFile; fileRef = 9032E21420A6C6EF00E0D301 /* HealthyRestAdvisorViewController.swift */; };
/* End PBXBuildFile section */

/* Begin PBXContainerItemProxy section */
		9032E19420A6B40900E0D301 /* PBXContainerItemProxy */ = {
			isa = PBXContainerItemProxy;
			containerPortal = 9032E17520A6B40900E0D301 /* Project object */;
			proxyType = 1;
			remoteGlobalIDString = 9032E17C20A6B40900E0D301;
			remoteInfo = "Smart Device Development project";
		};
		9032E19F20A6B40900E0D301 /* PBXContainerItemProxy */ = {
			isa = PBXContainerItemProxy;
			containerPortal = 9032E17520A6B40900E0D301 /* Project object */;
			proxyType = 1;
			remoteGlobalIDString = 9032E17C20A6B40900E0D301;
			remoteInfo = "Smart Device Development project";
		};
/* End PBXContainerItemProxy section */

/* Begin PBXFileReference section */
		9032E17D20A6B40900E0D301 /* Smart Device Development project.app */ = {isa = PBXFileReference; explicitFileType = wrapper.application; includeInIndex = 0; path = "Smart Device Development project.app"; sourceTree = BUILT_PRODUCTS_DIR; };
		9032E18020A6B40900E0D301 /* AppDelegate.swift */ = {isa = PBXFileReference; lastKnownFileType = sourcecode.swift; path = AppDelegate.swift; sourceTree = "<group>"; };
		9032E18220A6B40900E0D301 /* FirstViewController.swift */ = {isa = PBXFileReference; lastKnownFileType = sourcecode.swift; path = FirstViewController.swift; sourceTree = "<group>"; };
		9032E18720A6B40900E0D301 /* Base */ = {isa = PBXFileReference; lastKnownFileType = file.storyboard; name = Base; path = Base.lproj/Main.storyboard; sourceTree = "<group>"; };
		9032E18920A6B40900E0D301 /* Assets.xcassets */ = {isa = PBXFileReference; lastKnownFileType = folder.assetcatalog; path = Assets.xcassets; sourceTree = "<group>"; };
		9032E18C20A6B40900E0D301 /* Base */ = {isa = PBXFileReference; lastKnownFileType = file.storyboard; name = Base; path = Base.lproj/LaunchScreen.storyboard; sourceTree = "<group>"; };
		9032E18E20A6B40900E0D301 /* Info.plist */ = {isa = PBXFileReference; lastKnownFileType = text.plist.xml; path = Info.plist; sourceTree = "<group>"; };
		9032E19320A6B40900E0D301 /* Smart Device Development projectTests.xctest */ = {isa = PBXFileReference; explicitFileType = wrapper.cfbundle; includeInIndex = 0; path = "Smart Device Development projectTests.xctest"; sourceTree = BUILT_PRODUCTS_DIR; };
		9032E19720A6B40900E0D301 /* Smart_Device_Development_projectTests.swift */ = {isa = PBXFileReference; lastKnownFileType = sourcecode.swift; path = Smart_Device_Development_projectTests.swift; sourceTree = "<group>"; };
		9032E19920A6B40900E0D301 /* Info.plist */ = {isa = PBXFileReference; lastKnownFileType = text.plist.xml; path = Info.plist; sourceTree = "<group>"; };
		9032E19E20A6B40900E0D301 /* Smart Device Development projectUITests.xctest */ = {isa = PBXFileReference; explicitFileType = wrapper.cfbundle; includeInIndex = 0; path = "Smart Device Development projectUITests.xctest"; sourceTree = BUILT_PRODUCTS_DIR; };
		9032E1A220A6B40900E0D301 /* Smart_Device_Development_projectUITests.swift */ = {isa = PBXFileReference; lastKnownFileType = sourcecode.swift; path = Smart_Device_Development_projectUITests.swift; sourceTree = "<group>"; };
		9032E1A420A6B40900E0D301 /* Info.plist */ = {isa = PBXFileReference; lastKnownFileType = text.plist.xml; path = Info.plist; sourceTree = "<group>"; };
		9032E1F620A6BE7900E0D301 /* ExerciseMain.storyboard */ = {isa = PBXFileReference; lastKnownFileType = file.storyboard; name = ExerciseMain.storyboard; path = Storyboard/ExerciseMain.storyboard; sourceTree = "<group>"; };
		9032E1F820A6C0F500E0D301 /* Home.storyboard */ = {isa = PBXFileReference; lastKnownFileType = file.storyboard; path = Home.storyboard; sourceTree = "<group>"; };
		9032E1FB20A6C2EA00E0D301 /* Mood.storyboard */ = {isa = PBXFileReference; lastKnownFileType = file.storyboard; path = Mood.storyboard; sourceTree = "<group>"; };
		9032E1FE20A6C34C00E0D301 /* Dietary.storyboard */ = {isa = PBXFileReference; lastKnownFileType = file.storyboard; path = Dietary.storyboard; sourceTree = "<group>"; };
		9032E20120A6C3E300E0D301 /* HealthyRestAdvisorMain.storyboard */ = {isa = PBXFileReference; lastKnownFileType = file.storyboard; path = HealthyRestAdvisorMain.storyboard; sourceTree = "<group>"; };
		9032E20820A6C5AB00E0D301 /* DietaryViewController.swift */ = {isa = PBXFileReference; lastKnownFileType = sourcecode.swift; path = DietaryViewController.swift; sourceTree = "<group>"; };
		9032E20D20A6C5DE00E0D301 /* MoodViewController.swift */ = {isa = PBXFileReference; lastKnownFileType = sourcecode.swift; path = MoodViewController.swift; sourceTree = "<group>"; };
		9032E20F20A6C5E600E0D301 /* HomeViewController.swift */ = {isa = PBXFileReference; lastKnownFileType = sourcecode.swift; path = HomeViewController.swift; sourceTree = "<group>"; };
		9032E21220A6C5F900E0D301 /* ExerciseViewController.swift */ = {isa = PBXFileReference; lastKnownFileType = sourcecode.swift; path = ExerciseViewController.swift; sourceTree = "<group>"; };
		9032E21420A6C6EF00E0D301 /* HealthyRestAdvisorViewController.swift */ = {isa = PBXFileReference; lastKnownFileType = sourcecode.swift; path = HealthyRestAdvisorViewController.swift; sourceTree = "<group>"; };
/* End PBXFileReference section */

/* Begin PBXFrameworksBuildPhase section */
		9032E17A20A6B40900E0D301 /* Frameworks */ = {
			isa = PBXFrameworksBuildPhase;
			buildActionMask = 2147483647;
			files = (
			);
			runOnlyForDeploymentPostprocessing = 0;
		};
		9032E19020A6B40900E0D301 /* Frameworks */ = {
			isa = PBXFrameworksBuildPhase;
			buildActionMask = 2147483647;
			files = (
			);
			runOnlyForDeploymentPostprocessing = 0;
		};
		9032E19B20A6B40900E0D301 /* Frameworks */ = {
			isa = PBXFrameworksBuildPhase;
			buildActionMask = 2147483647;
			files = (
			);
			runOnlyForDeploymentPostprocessing = 0;
		};
/* End PBXFrameworksBuildPhase section */

/* Begin PBXGroup section */
		9032E17420A6B40900E0D301 = {
			isa = PBXGroup;
			children = (
				9032E17F20A6B40900E0D301 /* Smart Device Development project */,
				9032E19620A6B40900E0D301 /* Smart Device Development projectTests */,
				9032E1A120A6B40900E0D301 /* Smart Device Development projectUITests */,
				9032E17E20A6B40900E0D301 /* Products */,
			);
			sourceTree = "<group>";
		};
		9032E17E20A6B40900E0D301 /* Products */ = {
			isa = PBXGroup;
			children = (
				9032E17D20A6B40900E0D301 /* Smart Device Development project.app */,
				9032E19320A6B40900E0D301 /* Smart Device Development projectTests.xctest */,
				9032E19E20A6B40900E0D301 /* Smart Device Development projectUITests.xctest */,
			);
			name = Products;
			sourceTree = "<group>";
		};
		9032E17F20A6B40900E0D301 /* Smart Device Development project */ = {
			isa = PBXGroup;
			children = (
				9032E20320A6C50000E0D301 /* ViewControllers */,
				9032E1F320A6BE1E00E0D301 /* Storyboard */,
				9032E18020A6B40900E0D301 /* AppDelegate.swift */,
				9032E18220A6B40900E0D301 /* FirstViewController.swift */,
				9032E18620A6B40900E0D301 /* Main.storyboard */,
				9032E18920A6B40900E0D301 /* Assets.xcassets */,
				9032E18B20A6B40900E0D301 /* LaunchScreen.storyboard */,
				9032E18E20A6B40900E0D301 /* Info.plist */,
			);
			path = "Smart Device Development project";
			sourceTree = "<group>";
		};
		9032E19620A6B40900E0D301 /* Smart Device Development projectTests */ = {
			isa = PBXGroup;
			children = (
				9032E19720A6B40900E0D301 /* Smart_Device_Development_projectTests.swift */,
				9032E19920A6B40900E0D301 /* Info.plist */,
			);
			path = "Smart Device Development projectTests";
			sourceTree = "<group>";
		};
		9032E1A120A6B40900E0D301 /* Smart Device Development projectUITests */ = {
			isa = PBXGroup;
			children = (
				9032E1A220A6B40900E0D301 /* Smart_Device_Development_projectUITests.swift */,
				9032E1A420A6B40900E0D301 /* Info.plist */,
			);
			path = "Smart Device Development projectUITests";
			sourceTree = "<group>";
		};
		9032E1F320A6BE1E00E0D301 /* Storyboard */ = {
			isa = PBXGroup;
			children = (
				9032E20C20A6C5CB00E0D301 /* Home */,
				9032E20020A6C39700E0D301 /* HealthyRestAdvisor */,
				9032E1FD20A6C33D00E0D301 /* Dietary */,
				9032E1FA20A6C2D800E0D301 /* Mood */,
				9032E1F520A6BE4800E0D301 /* Exercise */,
			);
			name = Storyboard;
			sourceTree = "<group>";
		};
		9032E1F520A6BE4800E0D301 /* Exercise */ = {
			isa = PBXGroup;
			children = (
				9032E1F620A6BE7900E0D301 /* ExerciseMain.storyboard */,
			);
			name = Exercise;
			sourceTree = "<group>";
		};
		9032E1FA20A6C2D800E0D301 /* Mood */ = {
			isa = PBXGroup;
			children = (
				9032E1FB20A6C2EA00E0D301 /* Mood.storyboard */,
			);
			name = Mood;
			sourceTree = "<group>";
		};
		9032E1FD20A6C33D00E0D301 /* Dietary */ = {
			isa = PBXGroup;
			children = (
				9032E1FE20A6C34C00E0D301 /* Dietary.storyboard */,
			);
			name = Dietary;
			sourceTree = "<group>";
		};
		9032E20020A6C39700E0D301 /* HealthyRestAdvisor */ = {
			isa = PBXGroup;
			children = (
				9032E20120A6C3E300E0D301 /* HealthyRestAdvisorMain.storyboard */,
			);
			name = HealthyRestAdvisor;
			sourceTree = "<group>";
		};
		9032E20320A6C50000E0D301 /* ViewControllers */ = {
			isa = PBXGroup;
			children = (
				9032E21120A6C5EA00E0D301 /* Exercise */,
				9032E20B20A6C5C200E0D301 /* Home */,
				9032E20A20A6C5B900E0D301 /* Mood */,
				9032E20720A6C59600E0D301 /* Dietary */,
				9032E20420A6C52000E0D301 /* HRA VC */,
			);
			name = ViewControllers;
			sourceTree = "<group>";
		};
		9032E20420A6C52000E0D301 /* HRA VC */ = {
			isa = PBXGroup;
			children = (
				9032E21420A6C6EF00E0D301 /* HealthyRestAdvisorViewController.swift */,
			);
			name = "HRA VC";
			sourceTree = "<group>";
		};
		9032E20720A6C59600E0D301 /* Dietary */ = {
			isa = PBXGroup;
			children = (
				9032E20820A6C5AB00E0D301 /* DietaryViewController.swift */,
			);
			name = Dietary;
			sourceTree = "<group>";
		};
		9032E20A20A6C5B900E0D301 /* Mood */ = {
			isa = PBXGroup;
			children = (
				9032E20D20A6C5DE00E0D301 /* MoodViewController.swift */,
			);
			name = Mood;
			sourceTree = "<group>";
		};
		9032E20B20A6C5C200E0D301 /* Home */ = {
			isa = PBXGroup;
			children = (
				9032E20F20A6C5E600E0D301 /* HomeViewController.swift */,
			);
			name = Home;
			sourceTree = "<group>";
		};
		9032E20C20A6C5CB00E0D301 /* Home */ = {
			isa = PBXGroup;
			children = (
				9032E1F820A6C0F500E0D301 /* Home.storyboard */,
			);
			name = Home;
			sourceTree = "<group>";
		};
		9032E21120A6C5EA00E0D301 /* Exercise */ = {
			isa = PBXGroup;
			children = (
				9032E21220A6C5F900E0D301 /* ExerciseViewController.swift */,
			);
			name = Exercise;
			sourceTree = "<group>";
		};
/* End PBXGroup section */

/* Begin PBXNativeTarget section */
		9032E17C20A6B40900E0D301 /* Smart Device Development project */ = {
			isa = PBXNativeTarget;
			buildConfigurationList = 9032E1A720A6B40900E0D301 /* Build configuration list for PBXNativeTarget "Smart Device Development project" */;
			buildPhases = (
				9032E17920A6B40900E0D301 /* Sources */,
				9032E17A20A6B40900E0D301 /* Frameworks */,
				9032E17B20A6B40900E0D301 /* Resources */,
			);
			buildRules = (
			);
			dependencies = (
			);
			name = "Smart Device Development project";
			productName = "Smart Device Development project";
			productReference = 9032E17D20A6B40900E0D301 /* Smart Device Development project.app */;
			productType = "com.apple.product-type.application";
		};
		9032E19220A6B40900E0D301 /* Smart Device Development projectTests */ = {
			isa = PBXNativeTarget;
			buildConfigurationList = 9032E1AA20A6B40900E0D301 /* Build configuration list for PBXNativeTarget "Smart Device Development projectTests" */;
			buildPhases = (
				9032E18F20A6B40900E0D301 /* Sources */,
				9032E19020A6B40900E0D301 /* Frameworks */,
				9032E19120A6B40900E0D301 /* Resources */,
			);
			buildRules = (
			);
			dependencies = (
				9032E19520A6B40900E0D301 /* PBXTargetDependency */,
			);
			name = "Smart Device Development projectTests";
			productName = "Smart Device Development projectTests";
			productReference = 9032E19320A6B40900E0D301 /* Smart Device Development projectTests.xctest */;
			productType = "com.apple.product-type.bundle.unit-test";
		};
		9032E19D20A6B40900E0D301 /* Smart Device Development projectUITests */ = {
			isa = PBXNativeTarget;
			buildConfigurationList = 9032E1AD20A6B40900E0D301 /* Build configuration list for PBXNativeTarget "Smart Device Development projectUITests" */;
			buildPhases = (
				9032E19A20A6B40900E0D301 /* Sources */,
				9032E19B20A6B40900E0D301 /* Frameworks */,
				9032E19C20A6B40900E0D301 /* Resources */,
			);
			buildRules = (
			);
			dependencies = (
				9032E1A020A6B40900E0D301 /* PBXTargetDependency */,
			);
			name = "Smart Device Development projectUITests";
			productName = "Smart Device Development projectUITests";
			productReference = 9032E19E20A6B40900E0D301 /* Smart Device Development projectUITests.xctest */;
			productType = "com.apple.product-type.bundle.ui-testing";
		};
/* End PBXNativeTarget section */

/* Begin PBXProject section */
		9032E17520A6B40900E0D301 /* Project object */ = {
			isa = PBXProject;
			attributes = {
				LastSwiftUpdateCheck = 0930;
				LastUpgradeCheck = 0930;
				ORGANIZATIONNAME = NYP;
				TargetAttributes = {
					9032E17C20A6B40900E0D301 = {
						CreatedOnToolsVersion = 9.3.1;
					};
					9032E19220A6B40900E0D301 = {
						CreatedOnToolsVersion = 9.3.1;
						TestTargetID = 9032E17C20A6B40900E0D301;
					};
					9032E19D20A6B40900E0D301 = {
						CreatedOnToolsVersion = 9.3.1;
						TestTargetID = 9032E17C20A6B40900E0D301;
					};
				};
			};
			buildConfigurationList = 9032E17820A6B40900E0D301 /* Build configuration list for PBXProject "Smart Device Development project" */;
			compatibilityVersion = "Xcode 9.3";
			developmentRegion = en;
			hasScannedForEncodings = 0;
			knownRegions = (
				en,
				Base,
			);
			mainGroup = 9032E17420A6B40900E0D301;
			productRefGroup = 9032E17E20A6B40900E0D301 /* Products */;
			projectDirPath = "";
			projectRoot = "";
			targets = (
				9032E17C20A6B40900E0D301 /* Smart Device Development project */,
				9032E19220A6B40900E0D301 /* Smart Device Development projectTests */,
				9032E19D20A6B40900E0D301 /* Smart Device Development projectUITests */,
			);
		};
/* End PBXProject section */

/* Begin PBXResourcesBuildPhase section */
		9032E17B20A6B40900E0D301 /* Resources */ = {
			isa = PBXResourcesBuildPhase;
			buildActionMask = 2147483647;
			files = (
				9032E18D20A6B40900E0D301 /* LaunchScreen.storyboard in Resources */,
				9032E1FC20A6C2EA00E0D301 /* Mood.storyboard in Resources */,
				9032E1F920A6C0F500E0D301 /* Home.storyboard in Resources */,
				9032E18A20A6B40900E0D301 /* Assets.xcassets in Resources */,
				9032E1FF20A6C34C00E0D301 /* Dietary.storyboard in Resources */,
				9032E18820A6B40900E0D301 /* Main.storyboard in Resources */,
				9032E20220A6C3E300E0D301 /* HealthyRestAdvisorMain.storyboard in Resources */,
				9032E1F720A6BE7900E0D301 /* ExerciseMain.storyboard in Resources */,
			);
			runOnlyForDeploymentPostprocessing = 0;
		};
		9032E19120A6B40900E0D301 /* Resources */ = {
			isa = PBXResourcesBuildPhase;
			buildActionMask = 2147483647;
			files = (
			);
			runOnlyForDeploymentPostprocessing = 0;
		};
		9032E19C20A6B40900E0D301 /* Resources */ = {
			isa = PBXResourcesBuildPhase;
			buildActionMask = 2147483647;
			files = (
			);
			runOnlyForDeploymentPostprocessing = 0;
		};
/* End PBXResourcesBuildPhase section */

/* Begin PBXSourcesBuildPhase section */
		9032E17920A6B40900E0D301 /* Sources */ = {
			isa = PBXSourcesBuildPhase;
			buildActionMask = 2147483647;
			files = (
				9032E18120A6B40900E0D301 /* AppDelegate.swift in Sources */,
				9032E20920A6C5AB00E0D301 /* DietaryViewController.swift in Sources */,
				9032E18320A6B40900E0D301 /* FirstViewController.swift in Sources */,
				9032E21020A6C5E600E0D301 /* HomeViewController.swift in Sources */,
				9032E21520A6C6EF00E0D301 /* HealthyRestAdvisorViewController.swift in Sources */,
				9032E21320A6C5F900E0D301 /* ExerciseViewController.swift in Sources */,
				9032E20E20A6C5DE00E0D301 /* MoodViewController.swift in Sources */,
			);
			runOnlyForDeploymentPostprocessing = 0;
		};
		9032E18F20A6B40900E0D301 /* Sources */ = {
			isa = PBXSourcesBuildPhase;
			buildActionMask = 2147483647;
			files = (
				9032E19820A6B40900E0D301 /* Smart_Device_Development_projectTests.swift in Sources */,
			);
			runOnlyForDeploymentPostprocessing = 0;
		};
		9032E19A20A6B40900E0D301 /* Sources */ = {
			isa = PBXSourcesBuildPhase;
			buildActionMask = 2147483647;
			files = (
				9032E1A320A6B40900E0D301 /* Smart_Device_Development_projectUITests.swift in Sources */,
			);
			runOnlyForDeploymentPostprocessing = 0;
		};
/* End PBXSourcesBuildPhase section */

/* Begin PBXTargetDependency section */
		9032E19520A6B40900E0D301 /* PBXTargetDependency */ = {
			isa = PBXTargetDependency;
			target = 9032E17C20A6B40900E0D301 /* Smart Device Development project */;
			targetProxy = 9032E19420A6B40900E0D301 /* PBXContainerItemProxy */;
		};
		9032E1A020A6B40900E0D301 /* PBXTargetDependency */ = {
			isa = PBXTargetDependency;
			target = 9032E17C20A6B40900E0D301 /* Smart Device Development project */;
			targetProxy = 9032E19F20A6B40900E0D301 /* PBXContainerItemProxy */;
		};
/* End PBXTargetDependency section */

/* Begin PBXVariantGroup section */
		9032E18620A6B40900E0D301 /* Main.storyboard */ = {
			isa = PBXVariantGroup;
			children = (
				9032E18720A6B40900E0D301 /* Base */,
			);
			name = Main.storyboard;
			sourceTree = "<group>";
		};
		9032E18B20A6B40900E0D301 /* LaunchScreen.storyboard */ = {
			isa = PBXVariantGroup;
			children = (
				9032E18C20A6B40900E0D301 /* Base */,
			);
			name = LaunchScreen.storyboard;
			sourceTree = "<group>";
		};
/* End PBXVariantGroup section */

/* Begin XCBuildConfiguration section */
		9032E1A520A6B40900E0D301 /* Debug */ = {
			isa = XCBuildConfiguration;
			buildSettings = {
				ALWAYS_SEARCH_USER_PATHS = NO;
				CLANG_ANALYZER_NONNULL = YES;
				CLANG_ANALYZER_NUMBER_OBJECT_CONVERSION = YES_AGGRESSIVE;
				CLANG_CXX_LANGUAGE_STANDARD = "gnu++14";
				CLANG_CXX_LIBRARY = "libc++";
				CLANG_ENABLE_MODULES = YES;
				CLANG_ENABLE_OBJC_ARC = YES;
				CLANG_ENABLE_OBJC_WEAK = YES;
				CLANG_WARN_BLOCK_CAPTURE_AUTORELEASING = YES;
				CLANG_WARN_BOOL_CONVERSION = YES;
				CLANG_WARN_COMMA = YES;
				CLANG_WARN_CONSTANT_CONVERSION = YES;
				CLANG_WARN_DEPRECATED_OBJC_IMPLEMENTATIONS = YES;
				CLANG_WARN_DIRECT_OBJC_ISA_USAGE = YES_ERROR;
				CLANG_WARN_DOCUMENTATION_COMMENTS = YES;
				CLANG_WARN_EMPTY_BODY = YES;
				CLANG_WARN_ENUM_CONVERSION = YES;
				CLANG_WARN_INFINITE_RECURSION = YES;
				CLANG_WARN_INT_CONVERSION = YES;
				CLANG_WARN_NON_LITERAL_NULL_CONVERSION = YES;
				CLANG_WARN_OBJC_IMPLICIT_RETAIN_SELF = YES;
				CLANG_WARN_OBJC_LITERAL_CONVERSION = YES;
				CLANG_WARN_OBJC_ROOT_CLASS = YES_ERROR;
				CLANG_WARN_RANGE_LOOP_ANALYSIS = YES;
				CLANG_WARN_STRICT_PROTOTYPES = YES;
				CLANG_WARN_SUSPICIOUS_MOVE = YES;
				CLANG_WARN_UNGUARDED_AVAILABILITY = YES_AGGRESSIVE;
				CLANG_WARN_UNREACHABLE_CODE = YES;
				CLANG_WARN__DUPLICATE_METHOD_MATCH = YES;
				CODE_SIGN_IDENTITY = "iPhone Developer";
				COPY_PHASE_STRIP = NO;
				DEBUG_INFORMATION_FORMAT = dwarf;
				ENABLE_STRICT_OBJC_MSGSEND = YES;
				ENABLE_TESTABILITY = YES;
				GCC_C_LANGUAGE_STANDARD = gnu11;
				GCC_DYNAMIC_NO_PIC = NO;
				GCC_NO_COMMON_BLOCKS = YES;
				GCC_OPTIMIZATION_LEVEL = 0;
				GCC_PREPROCESSOR_DEFINITIONS = (
					"DEBUG=1",
					"$(inherited)",
				);
				GCC_WARN_64_TO_32_BIT_CONVERSION = YES;
				GCC_WARN_ABOUT_RETURN_TYPE = YES_ERROR;
				GCC_WARN_UNDECLARED_SELECTOR = YES;
				GCC_WARN_UNINITIALIZED_AUTOS = YES_AGGRESSIVE;
				GCC_WARN_UNUSED_FUNCTION = YES;
				GCC_WARN_UNUSED_VARIABLE = YES;
				IPHONEOS_DEPLOYMENT_TARGET = 11.3;
				MTL_ENABLE_DEBUG_INFO = YES;
				ONLY_ACTIVE_ARCH = YES;
				SDKROOT = iphoneos;
				SWIFT_ACTIVE_COMPILATION_CONDITIONS = DEBUG;
				SWIFT_OPTIMIZATION_LEVEL = "-Onone";
			};
			name = Debug;
		};
		9032E1A620A6B40900E0D301 /* Release */ = {
			isa = XCBuildConfiguration;
			buildSettings = {
				ALWAYS_SEARCH_USER_PATHS = NO;
				CLANG_ANALYZER_NONNULL = YES;
				CLANG_ANALYZER_NUMBER_OBJECT_CONVERSION = YES_AGGRESSIVE;
				CLANG_CXX_LANGUAGE_STANDARD = "gnu++14";
				CLANG_CXX_LIBRARY = "libc++";
				CLANG_ENABLE_MODULES = YES;
				CLANG_ENABLE_OBJC_ARC = YES;
				CLANG_ENABLE_OBJC_WEAK = YES;
				CLANG_WARN_BLOCK_CAPTURE_AUTORELEASING = YES;
				CLANG_WARN_BOOL_CONVERSION = YES;
				CLANG_WARN_COMMA = YES;
				CLANG_WARN_CONSTANT_CONVERSION = YES;
				CLANG_WARN_DEPRECATED_OBJC_IMPLEMENTATIONS = YES;
				CLANG_WARN_DIRECT_OBJC_ISA_USAGE = YES_ERROR;
				CLANG_WARN_DOCUMENTATION_COMMENTS = YES;
				CLANG_WARN_EMPTY_BODY = YES;
				CLANG_WARN_ENUM_CONVERSION = YES;
				CLANG_WARN_INFINITE_RECURSION = YES;
				CLANG_WARN_INT_CONVERSION = YES;
				CLANG_WARN_NON_LITERAL_NULL_CONVERSION = YES;
				CLANG_WARN_OBJC_IMPLICIT_RETAIN_SELF = YES;
				CLANG_WARN_OBJC_LITERAL_CONVERSION = YES;
				CLANG_WARN_OBJC_ROOT_CLASS = YES_ERROR;
				CLANG_WARN_RANGE_LOOP_ANALYSIS = YES;
				CLANG_WARN_STRICT_PROTOTYPES = YES;
				CLANG_WARN_SUSPICIOUS_MOVE = YES;
				CLANG_WARN_UNGUARDED_AVAILABILITY = YES_AGGRESSIVE;
				CLANG_WARN_UNREACHABLE_CODE = YES;
				CLANG_WARN__DUPLICATE_METHOD_MATCH = YES;
				CODE_SIGN_IDENTITY = "iPhone Developer";
				COPY_PHASE_STRIP = NO;
				DEBUG_INFORMATION_FORMAT = "dwarf-with-dsym";
				ENABLE_NS_ASSERTIONS = NO;
				ENABLE_STRICT_OBJC_MSGSEND = YES;
				GCC_C_LANGUAGE_STANDARD = gnu11;
				GCC_NO_COMMON_BLOCKS = YES;
				GCC_WARN_64_TO_32_BIT_CONVERSION = YES;
				GCC_WARN_ABOUT_RETURN_TYPE = YES_ERROR;
				GCC_WARN_UNDECLARED_SELECTOR = YES;
				GCC_WARN_UNINITIALIZED_AUTOS = YES_AGGRESSIVE;
				GCC_WARN_UNUSED_FUNCTION = YES;
				GCC_WARN_UNUSED_VARIABLE = YES;
				IPHONEOS_DEPLOYMENT_TARGET = 11.3;
				MTL_ENABLE_DEBUG_INFO = NO;
				SDKROOT = iphoneos;
				SWIFT_COMPILATION_MODE = wholemodule;
				SWIFT_OPTIMIZATION_LEVEL = "-O";
				VALIDATE_PRODUCT = YES;
			};
			name = Release;
		};
		9032E1A820A6B40900E0D301 /* Debug */ = {
			isa = XCBuildConfiguration;
			buildSettings = {
				ASSETCATALOG_COMPILER_APPICON_NAME = AppIcon;
				CODE_SIGN_STYLE = Automatic;
				INFOPLIST_FILE = "Smart Device Development project/Info.plist";
				LD_RUNPATH_SEARCH_PATHS = (
					"$(inherited)",
					"@executable_path/Frameworks",
				);
				PRODUCT_BUNDLE_IDENTIFIER = "com.nyp.Smart-Device-Development-project";
				PRODUCT_NAME = "$(TARGET_NAME)";
				SWIFT_VERSION = 4.0;
				TARGETED_DEVICE_FAMILY = "1,2";
			};
			name = Debug;
		};
		9032E1A920A6B40900E0D301 /* Release */ = {
			isa = XCBuildConfiguration;
			buildSettings = {
				ASSETCATALOG_COMPILER_APPICON_NAME = AppIcon;
				CODE_SIGN_STYLE = Automatic;
				INFOPLIST_FILE = "Smart Device Development project/Info.plist";
				LD_RUNPATH_SEARCH_PATHS = (
					"$(inherited)",
					"@executable_path/Frameworks",
				);
				PRODUCT_BUNDLE_IDENTIFIER = "com.nyp.Smart-Device-Development-project";
				PRODUCT_NAME = "$(TARGET_NAME)";
				SWIFT_VERSION = 4.0;
				TARGETED_DEVICE_FAMILY = "1,2";
			};
			name = Release;
		};
		9032E1AB20A6B40900E0D301 /* Debug */ = {
			isa = XCBuildConfiguration;
			buildSettings = {
				ALWAYS_EMBED_SWIFT_STANDARD_LIBRARIES = YES;
				BUNDLE_LOADER = "$(TEST_HOST)";
				CODE_SIGN_STYLE = Automatic;
				INFOPLIST_FILE = "Smart Device Development projectTests/Info.plist";
				LD_RUNPATH_SEARCH_PATHS = (
					"$(inherited)",
					"@executable_path/Frameworks",
					"@loader_path/Frameworks",
				);
				PRODUCT_BUNDLE_IDENTIFIER = "com.nyp.Smart-Device-Development-projectTests";
				PRODUCT_NAME = "$(TARGET_NAME)";
				SWIFT_VERSION = 4.0;
				TARGETED_DEVICE_FAMILY = "1,2";
				TEST_HOST = "$(BUILT_PRODUCTS_DIR)/Smart Device Development project.app/Smart Device Development project";
			};
			name = Debug;
		};
		9032E1AC20A6B40900E0D301 /* Release */ = {
			isa = XCBuildConfiguration;
			buildSettings = {
				ALWAYS_EMBED_SWIFT_STANDARD_LIBRARIES = YES;
				BUNDLE_LOADER = "$(TEST_HOST)";
				CODE_SIGN_STYLE = Automatic;
				INFOPLIST_FILE = "Smart Device Development projectTests/Info.plist";
				LD_RUNPATH_SEARCH_PATHS = (
					"$(inherited)",
					"@executable_path/Frameworks",
					"@loader_path/Frameworks",
				);
				PRODUCT_BUNDLE_IDENTIFIER = "com.nyp.Smart-Device-Development-projectTests";
				PRODUCT_NAME = "$(TARGET_NAME)";
				SWIFT_VERSION = 4.0;
				TARGETED_DEVICE_FAMILY = "1,2";
				TEST_HOST = "$(BUILT_PRODUCTS_DIR)/Smart Device Development project.app/Smart Device Development project";
			};
			name = Release;
		};
		9032E1AE20A6B40900E0D301 /* Debug */ = {
			isa = XCBuildConfiguration;
			buildSettings = {
				ALWAYS_EMBED_SWIFT_STANDARD_LIBRARIES = YES;
				CODE_SIGN_STYLE = Automatic;
				INFOPLIST_FILE = "Smart Device Development projectUITests/Info.plist";
				LD_RUNPATH_SEARCH_PATHS = (
					"$(inherited)",
					"@executable_path/Frameworks",
					"@loader_path/Frameworks",
				);
				PRODUCT_BUNDLE_IDENTIFIER = "com.nyp.Smart-Device-Development-projectUITests";
				PRODUCT_NAME = "$(TARGET_NAME)";
				SWIFT_VERSION = 4.0;
				TARGETED_DEVICE_FAMILY = "1,2";
				TEST_TARGET_NAME = "Smart Device Development project";
			};
			name = Debug;
		};
		9032E1AF20A6B40900E0D301 /* Release */ = {
			isa = XCBuildConfiguration;
			buildSettings = {
				ALWAYS_EMBED_SWIFT_STANDARD_LIBRARIES = YES;
				CODE_SIGN_STYLE = Automatic;
				INFOPLIST_FILE = "Smart Device Development projectUITests/Info.plist";
				LD_RUNPATH_SEARCH_PATHS = (
					"$(inherited)",
					"@executable_path/Frameworks",
					"@loader_path/Frameworks",
				);
				PRODUCT_BUNDLE_IDENTIFIER = "com.nyp.Smart-Device-Development-projectUITests";
				PRODUCT_NAME = "$(TARGET_NAME)";
				SWIFT_VERSION = 4.0;
				TARGETED_DEVICE_FAMILY = "1,2";
				TEST_TARGET_NAME = "Smart Device Development project";
			};
			name = Release;
		};
/* End XCBuildConfiguration section */

/* Begin XCConfigurationList section */
		9032E17820A6B40900E0D301 /* Build configuration list for PBXProject "Smart Device Development project" */ = {
			isa = XCConfigurationList;
			buildConfigurations = (
				9032E1A520A6B40900E0D301 /* Debug */,
				9032E1A620A6B40900E0D301 /* Release */,
			);
			defaultConfigurationIsVisible = 0;
			defaultConfigurationName = Release;
		};
		9032E1A720A6B40900E0D301 /* Build configuration list for PBXNativeTarget "Smart Device Development project" */ = {
			isa = XCConfigurationList;
			buildConfigurations = (
				9032E1A820A6B40900E0D301 /* Debug */,
				9032E1A920A6B40900E0D301 /* Release */,
			);
			defaultConfigurationIsVisible = 0;
			defaultConfigurationName = Release;
		};
		9032E1AA20A6B40900E0D301 /* Build configuration list for PBXNativeTarget "Smart Device Development projectTests" */ = {
			isa = XCConfigurationList;
			buildConfigurations = (
				9032E1AB20A6B40900E0D301 /* Debug */,
				9032E1AC20A6B40900E0D301 /* Release */,
			);
			defaultConfigurationIsVisible = 0;
			defaultConfigurationName = Release;
		};
		9032E1AD20A6B40900E0D301 /* Build configuration list for PBXNativeTarget "Smart Device Development projectUITests" */ = {
			isa = XCConfigurationList;
			buildConfigurations = (
				9032E1AE20A6B40900E0D301 /* Debug */,
				9032E1AF20A6B40900E0D301 /* Release */,
			);
			defaultConfigurationIsVisible = 0;
			defaultConfigurationName = Release;
		};
/* End XCConfigurationList section */
	};
	rootObject = 9032E17520A6B40900E0D301 /* Project object */;
}
