// !$*UTF8*$!
{
	archiveVersion = 1;
	classes = {
	};
	objectVersion = 48;
	objects = {

/* Begin PBXBuildFile section */
		242FA2352DD166E86D42D4CF /* Pods_Smart_Device_Developement_ProjectUITests.framework in Frameworks */ = {isa = PBXBuildFile; fileRef = BA1B7ED1271096417D94A407 /* Pods_Smart_Device_Developement_ProjectUITests.framework */; };
		4B9642A2DCFDA97CC70FE469 /* Pods_Smart_Device_Developement_Project.framework in Frameworks */ = {isa = PBXBuildFile; fileRef = CF4920FE10E359FB0C13EC03 /* Pods_Smart_Device_Developement_Project.framework */; };
		5112D5CA20EF0DD100212972 /* WorkoutOfCatViewController.swift in Sources */ = {isa = PBXBuildFile; fileRef = 5112D5C920EF0DD100212972 /* WorkoutOfCatViewController.swift */; };
		5116A7CE20FDB3B5006C2EA3 /* HawkerViewController.swift in Sources */ = {isa = PBXBuildFile; fileRef = 5116A7CD20FDB3B5006C2EA3 /* HawkerViewController.swift */; };
		5116A7D020FDC551006C2EA3 /* HawkerCentres.swift in Sources */ = {isa = PBXBuildFile; fileRef = 5116A7CF20FDC551006C2EA3 /* HawkerCentres.swift */; };
		5137755720E210C900DC20FA /* ExerciseCreateDataManager.swift in Sources */ = {isa = PBXBuildFile; fileRef = 5137755620E210C900DC20FA /* ExerciseCreateDataManager.swift */; };
		5137755920E222AF00DC20FA /* FoodScanner.storyboard in Resources */ = {isa = PBXBuildFile; fileRef = 5137755820E222AF00DC20FA /* FoodScanner.storyboard */; };
		5137755B20E2256400DC20FA /* DietaryPlan.storyboard in Resources */ = {isa = PBXBuildFile; fileRef = 5137755A20E2256400DC20FA /* DietaryPlan.storyboard */; };
		5137755D20E2261200DC20FA /* Dietary.storyboard in Resources */ = {isa = PBXBuildFile; fileRef = 5137755C20E2261200DC20FA /* Dietary.storyboard */; };
		513F09D520E20156009806D8 /* RunningDataManager.swift in Sources */ = {isa = PBXBuildFile; fileRef = 513F09D420E20156009806D8 /* RunningDataManager.swift */; };
		513F09D720E2016B009806D8 /* Schedule.swift in Sources */ = {isa = PBXBuildFile; fileRef = 513F09D620E2016B009806D8 /* Schedule.swift */; };
		513F09DA20E2019D009806D8 /* RunningTimerViewController.swift in Sources */ = {isa = PBXBuildFile; fileRef = 513F09D820E2019D009806D8 /* RunningTimerViewController.swift */; };
		513F09DB20E2019D009806D8 /* ScheduleViewController.swift in Sources */ = {isa = PBXBuildFile; fileRef = 513F09D920E2019D009806D8 /* ScheduleViewController.swift */; };
		513F09DF20E20418009806D8 /* RunningStoryboard.storyboard in Resources */ = {isa = PBXBuildFile; fileRef = 513F09DE20E20418009806D8 /* RunningStoryboard.storyboard */; };
		513F09E120E209E2009806D8 /* Session.swift in Sources */ = {isa = PBXBuildFile; fileRef = 513F09E020E209E2009806D8 /* Session.swift */; };
		5154F68020B78838000C9E29 /* LifestyleTheme.swift in Sources */ = {isa = PBXBuildFile; fileRef = 5154F67F20B78838000C9E29 /* LifestyleTheme.swift */; };
		5169C62520AAA4460014E15D /* AppDelegate.swift in Sources */ = {isa = PBXBuildFile; fileRef = 5169C62420AAA4460014E15D /* AppDelegate.swift */; };
		5169C62C20AAA4460014E15D /* Main.storyboard in Resources */ = {isa = PBXBuildFile; fileRef = 5169C62A20AAA4460014E15D /* Main.storyboard */; };
		5169C62E20AAA4460014E15D /* Assets.xcassets in Resources */ = {isa = PBXBuildFile; fileRef = 5169C62D20AAA4460014E15D /* Assets.xcassets */; };
		5169C63120AAA4460014E15D /* LaunchScreen.storyboard in Resources */ = {isa = PBXBuildFile; fileRef = 5169C62F20AAA4460014E15D /* LaunchScreen.storyboard */; };
		5169C63C20AAA4460014E15D /* Smart_Device_Developement_ProjectTests.swift in Sources */ = {isa = PBXBuildFile; fileRef = 5169C63B20AAA4460014E15D /* Smart_Device_Developement_ProjectTests.swift */; };
		5169C64720AAA4460014E15D /* Smart_Device_Developement_ProjectUITests.swift in Sources */ = {isa = PBXBuildFile; fileRef = 5169C64620AAA4460014E15D /* Smart_Device_Developement_ProjectUITests.swift */; };
		5169C66020AAA68F0014E15D /* Exercise.storyboard in Resources */ = {isa = PBXBuildFile; fileRef = 5169C65F20AAA68F0014E15D /* Exercise.storyboard */; };
		5169C67120AAAA210014E15D /* ExerciseViewController.swift in Sources */ = {isa = PBXBuildFile; fileRef = 5169C67020AAAA210014E15D /* ExerciseViewController.swift */; };
		5169C67520AAAA390014E15D /* HRAViewController.swift in Sources */ = {isa = PBXBuildFile; fileRef = 5169C67420AAAA390014E15D /* HRAViewController.swift */; };
		516C779620FDB1C10042F8CE /* Model.xcdatamodeld in Sources */ = {isa = PBXBuildFile; fileRef = 516C779420FDB1C10042F8CE /* Model.xcdatamodeld */; };
		51762D1620F60F29000CBFE8 /* SearchViewController.swift in Sources */ = {isa = PBXBuildFile; fileRef = 51762D1520F60F29000CBFE8 /* SearchViewController.swift */; };
		51762D1820F615CF000CBFE8 /* FoodViewController.swift in Sources */ = {isa = PBXBuildFile; fileRef = 51762D1720F615CF000CBFE8 /* FoodViewController.swift */; };
		51860BFF20E5CF6200DF498A /* Meal.swift in Sources */ = {isa = PBXBuildFile; fileRef = 51860BFD20E5CF6200DF498A /* Meal.swift */; };
		51862EBD20AE6D5E0058CE01 /* MainViewController.swift in Sources */ = {isa = PBXBuildFile; fileRef = 51862EBC20AE6D5E0058CE01 /* MainViewController.swift */; };
		5192A4DC20FD8BC500C64F9C /* WorkoutStartViewController.swift in Sources */ = {isa = PBXBuildFile; fileRef = 5192A4DB20FD8BC500C64F9C /* WorkoutStartViewController.swift */; };
		51A9CB0220B5184500BD18BB /* CustomCell.swift in Sources */ = {isa = PBXBuildFile; fileRef = 51A9CB0120B5184500BD18BB /* CustomCell.swift */; };
		51AEDE5120F49741005B44F0 /* ProfileViewController.swift in Sources */ = {isa = PBXBuildFile; fileRef = 51AEDE5020F49741005B44F0 /* ProfileViewController.swift */; };
		51CAE39721104F850032EB04 /* HawkerAnnotation.swift in Sources */ = {isa = PBXBuildFile; fileRef = 51CAE39621104F850032EB04 /* HawkerAnnotation.swift */; };
		51ED27CA20F475D40054E053 /* AuthenticateUser.swift in Sources */ = {isa = PBXBuildFile; fileRef = 51ED27C920F475D40054E053 /* AuthenticateUser.swift */; };
		51ED27CC20F483640054E053 /* WorkoutImageDataManager.swift in Sources */ = {isa = PBXBuildFile; fileRef = 51ED27CB20F483640054E053 /* WorkoutImageDataManager.swift */; };
		51ED27CF20F4873A0054E053 /* Profile.storyboard in Resources */ = {isa = PBXBuildFile; fileRef = 51ED27CE20F4873A0054E053 /* Profile.storyboard */; };
		51FC308D20E6247400A5E685 /* CameraViewController.swift in Sources */ = {isa = PBXBuildFile; fileRef = 51FC308C20E6247400A5E685 /* CameraViewController.swift */; };
		51FC308F20E62A5900A5E685 /* SummaryViewController.swift in Sources */ = {isa = PBXBuildFile; fileRef = 51FC308E20E62A5900A5E685 /* SummaryViewController.swift */; };
		692D5D0820DAA253007A31D3 /* MealPlanTableViewCell.swift in Sources */ = {isa = PBXBuildFile; fileRef = 692D5D0720DAA253007A31D3 /* MealPlanTableViewCell.swift */; };
		692E473320E0E1B2009519C4 /* UserPlanPreferences.swift in Sources */ = {isa = PBXBuildFile; fileRef = 692E473220E0E1B2009519C4 /* UserPlanPreferences.swift */; };
		693F6ACB20F25C7600F3FA95 /* ChangeMealViewController.swift in Sources */ = {isa = PBXBuildFile; fileRef = 693F6ACA20F25C7600F3FA95 /* ChangeMealViewController.swift */; };
		69B42A2C20DA4FA4008925D0 /* PlanOptionsViewController.swift in Sources */ = {isa = PBXBuildFile; fileRef = 69B42A2B20DA4FA4008925D0 /* PlanOptionsViewController.swift */; };
		69BE096C20DB6E980008BF25 /* MealPlan.swift in Sources */ = {isa = PBXBuildFile; fileRef = 69BE096B20DB6E980008BF25 /* MealPlan.swift */; };
		69BE096E20DB6EEE0008BF25 /* DietaryPlanDataManager.swift in Sources */ = {isa = PBXBuildFile; fileRef = 69BE096D20DB6EED0008BF25 /* DietaryPlanDataManager.swift */; };
		69D026DB20EE67FD008E450E /* DietaryPlanDataManagerFirebase.swift in Sources */ = {isa = PBXBuildFile; fileRef = 69D026DA20EE67FD008E450E /* DietaryPlanDataManagerFirebase.swift */; };
		69E13BA4210A0045004630E5 /* checkForHawker.swift in Sources */ = {isa = PBXBuildFile; fileRef = 69E13BA3210A0045004630E5 /* checkForHawker.swift */; };
		69E22A2220F0E4F40054D552 /* RecommendMeal.swift in Sources */ = {isa = PBXBuildFile; fileRef = 69E22A2120F0E4F40054D552 /* RecommendMeal.swift */; };
		69F9761920DFCBE900688C7A /* ViewMealViewController.swift in Sources */ = {isa = PBXBuildFile; fileRef = 69F9761820DFCBE900688C7A /* ViewMealViewController.swift */; };
		69F9761B20DFCD5A00688C7A /* MealTypesViewController.swift in Sources */ = {isa = PBXBuildFile; fileRef = 69F9761A20DFCD5A00688C7A /* MealTypesViewController.swift */; };
		6EFFCD0FC2AE9D7A0696BD8F /* Pods_Smart_Device_Developement_ProjectTests.framework in Frameworks */ = {isa = PBXBuildFile; fileRef = 353201C0F88E066FB05BEF86 /* Pods_Smart_Device_Developement_ProjectTests.framework */; };
		70440BCF210DFA8A0080A21E /* Extension.swift in Sources */ = {isa = PBXBuildFile; fileRef = 70440BCE210DFA8A0080A21E /* Extension.swift */; };
		704CE37B210DC7F100ADA30C /* RunningCustomCell.swift in Sources */ = {isa = PBXBuildFile; fileRef = 704CE37A210DC7F100ADA30C /* RunningCustomCell.swift */; };
		7053561220F39A6800D72FF0 /* WeatherService.swift in Sources */ = {isa = PBXBuildFile; fileRef = 7053561120F39A6800D72FF0 /* WeatherService.swift */; };
		7053561420F39FDC00D72FF0 /* Weather.swift in Sources */ = {isa = PBXBuildFile; fileRef = 7053561320F39FDC00D72FF0 /* Weather.swift */; };
		70657D61210EEE0F0063F3A0 /* RunningPaceViewController.swift in Sources */ = {isa = PBXBuildFile; fileRef = 70657D60210EEE0F0063F3A0 /* RunningPaceViewController.swift */; };
		70657D63210F4A6C0063F3A0 /* MultiColorPolyline.swift in Sources */ = {isa = PBXBuildFile; fileRef = 70657D62210F4A6C0063F3A0 /* MultiColorPolyline.swift */; };
		7078DD0E2115D10B00D304D4 /* Gpsiestrack-3.gpx in Resources */ = {isa = PBXBuildFile; fileRef = 7078DD0D2115D10B00D304D4 /* Gpsiestrack-3.gpx */; };
		70A3D92A20EB96DF003392C0 /* ZombieChase.mp3 in Resources */ = {isa = PBXBuildFile; fileRef = 70A3D92920EB96DF003392C0 /* ZombieChase.mp3 */; };
		70E2568F20F0DA5A000B7F01 /* HistorySessionViewController.swift in Sources */ = {isa = PBXBuildFile; fileRef = 70E2568E20F0DA59000B7F01 /* HistorySessionViewController.swift */; };
		70E2CA1320F0A6BC0010FCBC /* ExpandableHeaderView.swift in Sources */ = {isa = PBXBuildFile; fileRef = 70E2CA1220F0A6BC0010FCBC /* ExpandableHeaderView.swift */; };
		70E2CA1520F0AA000010FCBC /* RunnigHistoryViewController.swift in Sources */ = {isa = PBXBuildFile; fileRef = 70E2CA1420F0AA000010FCBC /* RunnigHistoryViewController.swift */; };
		70E4D2AC2110DB7700C35453 /* PopUpViewController.swift in Sources */ = {isa = PBXBuildFile; fileRef = 70E4D2AB2110DB7700C35453 /* PopUpViewController.swift */; };
		9008B30B20D3EE540096D9F2 /* HTTP_Auth.swift in Sources */ = {isa = PBXBuildFile; fileRef = 9008B30920D3EE540096D9F2 /* HTTP_Auth.swift */; };
		9008B30C20D3EE540096D9F2 /* SwiftyJSON.swift in Sources */ = {isa = PBXBuildFile; fileRef = 9008B30A20D3EE540096D9F2 /* SwiftyJSON.swift */; };
		9008D52020D6186800FEAC9E /* WorkoutViewController.swift in Sources */ = {isa = PBXBuildFile; fileRef = 9008D51F20D6186800FEAC9E /* WorkoutViewController.swift */; };
		9008D52220D6927F00FEAC9E /* SQLiteDB.swift in Sources */ = {isa = PBXBuildFile; fileRef = 9008D52120D6927F00FEAC9E /* SQLiteDB.swift */; };
		9008D52420D6933000FEAC9E /* libsqlite3.tbd in Frameworks */ = {isa = PBXBuildFile; fileRef = 9008D52320D6932F00FEAC9E /* libsqlite3.tbd */; };
		900A3DFE20D4E60B00220298 /* Exercise.swift in Sources */ = {isa = PBXBuildFile; fileRef = 900A3DFB20D4E60B00220298 /* Exercise.swift */; };
		900A3DFF20D4E60B00220298 /* ExerciseDataManager.swift in Sources */ = {isa = PBXBuildFile; fileRef = 900A3DFC20D4E60B00220298 /* ExerciseDataManager.swift */; };
		900BCBF5210476A100E9A78B /* WorkoutCatViewController.swift in Sources */ = {isa = PBXBuildFile; fileRef = 900BCBF4210476A100E9A78B /* WorkoutCatViewController.swift */; };
		901C88132113E7B300B8983A /* ChartDefaults.swift in Sources */ = {isa = PBXBuildFile; fileRef = 901C88122113E7B300B8983A /* ChartDefaults.swift */; };
		901C96D821109FF400FAFB10 /* WorkoutPersonalCreateViewController.swift in Sources */ = {isa = PBXBuildFile; fileRef = 901C96D721109FF400FAFB10 /* WorkoutPersonalCreateViewController.swift */; };
		901C96DA2110D56D00FAFB10 /* ProfileEditViewController.swift in Sources */ = {isa = PBXBuildFile; fileRef = 901C96D92110D56D00FAFB10 /* ProfileEditViewController.swift */; };
		901C96DC2110DFE800FAFB10 /* WorkoutPersonalViewController.swift in Sources */ = {isa = PBXBuildFile; fileRef = 901C96DB2110DFE800FAFB10 /* WorkoutPersonalViewController.swift */; };
		901C96DE2110E41E00FAFB10 /* WorkoutPersonalDetailViewController.swift in Sources */ = {isa = PBXBuildFile; fileRef = 901C96DD2110E41E00FAFB10 /* WorkoutPersonalDetailViewController.swift */; };
		9030537520B83C860084534E /* TabBarController.swift in Sources */ = {isa = PBXBuildFile; fileRef = 9030537420B83C860084534E /* TabBarController.swift */; };
		9030ED8220C0305600D28D92 /* acc.rtf in Resources */ = {isa = PBXBuildFile; fileRef = 9030ED8120C0305600D28D92 /* acc.rtf */; };
		904B98542106AE9D008B30A3 /* WorkoutModalViewController.swift in Sources */ = {isa = PBXBuildFile; fileRef = 904B98532106AE9D008B30A3 /* WorkoutModalViewController.swift */; };
		9053B4FE20F99C0000C72DA1 /* WorkoutDetailInfoViewController.swift in Sources */ = {isa = PBXBuildFile; fileRef = 9053B4FD20F99C0000C72DA1 /* WorkoutDetailInfoViewController.swift */; };
		9053B50020F9A0CD00C72DA1 /* ExpyTableView.framework in Frameworks */ = {isa = PBXBuildFile; fileRef = 9053B4FF20F9A0CD00C72DA1 /* ExpyTableView.framework */; };
		9053B50220F9A20A00C72DA1 /* ProfileBtnCustomCell.swift in Sources */ = {isa = PBXBuildFile; fileRef = 9053B50120F9A20A00C72DA1 /* ProfileBtnCustomCell.swift */; };
		9068A3F220F1A10C00973C88 /* WorkoutDetailViewController.swift in Sources */ = {isa = PBXBuildFile; fileRef = 9068A3F120F1A10C00973C88 /* WorkoutDetailViewController.swift */; };
		906FA74520B92B9E0061C953 /* GoogleService-Info.plist in Resources */ = {isa = PBXBuildFile; fileRef = 906FA74420B92B9E0061C953 /* GoogleService-Info.plist */; };
		90726C0F20D797B700FCFB28 /* DataManager.swift in Sources */ = {isa = PBXBuildFile; fileRef = 90726C0E20D797B700FCFB28 /* DataManager.swift */; };
		909ED72D20AFD1B30092D385 /* SignUpViewController.swift in Sources */ = {isa = PBXBuildFile; fileRef = 909ED72C20AFD1B30092D385 /* SignUpViewController.swift */; };
		90C601EA20B00EAA002FFF5D /* Colors.swift in Sources */ = {isa = PBXBuildFile; fileRef = 90C601E920B00EAA002FFF5D /* Colors.swift */; };
		90C601ED20B01596002FFF5D /* LoginViewController.swift in Sources */ = {isa = PBXBuildFile; fileRef = 90C601EC20B01596002FFF5D /* LoginViewController.swift */; };
		90D6C24A20F9E7A800C32C73 /* WorkoutDetailCustomCell.swift in Sources */ = {isa = PBXBuildFile; fileRef = 90D6C24920F9E7A800C32C73 /* WorkoutDetailCustomCell.swift */; };
		90F1EE5E20E8E0F6004353F7 /* Workout.storyboard in Resources */ = {isa = PBXBuildFile; fileRef = 90F1EE5D20E8E0F6004353F7 /* Workout.storyboard */; };
		90F1EE6420E8EFAF004353F7 /* MaterialComponents.framework in Frameworks */ = {isa = PBXBuildFile; fileRef = 90F1EE6320E8EFAF004353F7 /* MaterialComponents.framework */; settings = {ATTRIBUTES = (Required, ); }; };
		90F9C75020FB715100D111DC /* MediaPlayer.framework in Frameworks */ = {isa = PBXBuildFile; fileRef = 90F9C74F20FB715100D111DC /* MediaPlayer.framework */; };
		90FBA46F20ECEE9C001785C8 /* WorkoutCustomViewCell.swift in Sources */ = {isa = PBXBuildFile; fileRef = 90FBA46E20ECEE9C001785C8 /* WorkoutCustomViewCell.swift */; };
		90FF44C1210F2FC700CA8989 /* WorkoutHistoryViewController.swift in Sources */ = {isa = PBXBuildFile; fileRef = 90FF44C0210F2FC700CA8989 /* WorkoutHistoryViewController.swift */; };
		F11D69AE21103EFE009EFCB0 /* food.mlmodel in Sources */ = {isa = PBXBuildFile; fileRef = F11D69AD21103EFD009EFCB0 /* food.mlmodel */; };
		F127A9DD210EB3910054F3E5 /* LoadingData.swift in Sources */ = {isa = PBXBuildFile; fileRef = F127A9DC210EB3910054F3E5 /* LoadingData.swift */; };
		F127A9DF210EB5720054F3E5 /* LoadingViewController.swift in Sources */ = {isa = PBXBuildFile; fileRef = F127A9DE210EB5720054F3E5 /* LoadingViewController.swift */; };
		F12F23EC20EDEEB900836A83 /* foodData.swift in Sources */ = {isa = PBXBuildFile; fileRef = F12F23EB20EDEEB900836A83 /* foodData.swift */; };
		F147301920D7A4B700C63470 /* DietaryViewController.swift in Sources */ = {isa = PBXBuildFile; fileRef = F147301820D7A4B700C63470 /* DietaryViewController.swift */; };
		F147301B20D7C8DD00C63470 /* CircleProgressBarViewController.swift in Sources */ = {isa = PBXBuildFile; fileRef = F147301A20D7C8DD00C63470 /* CircleProgressBarViewController.swift */; };
		F192FE7520F2162B005C76E8 /* BMIViewController.swift in Sources */ = {isa = PBXBuildFile; fileRef = F192FE7420F2162B005C76E8 /* BMIViewController.swift */; };
		F192FE7720F25801005C76E8 /* NutrInfo.swift in Sources */ = {isa = PBXBuildFile; fileRef = F192FE7620F25801005C76E8 /* NutrInfo.swift */; };
		F19AC74C210F0F6B005B66B2 /* DietaryPlanViewController.swift in Sources */ = {isa = PBXBuildFile; fileRef = 6925CF7420CF5EED00EC86CC /* DietaryPlanViewController.swift */; };
		F1A1B6D220EB60190026A962 /* HTTP.swift in Sources */ = {isa = PBXBuildFile; fileRef = F1A1B6D020EB60190026A962 /* HTTP.swift */; };
/* End PBXBuildFile section */

/* Begin PBXContainerItemProxy section */
		5169C63820AAA4460014E15D /* PBXContainerItemProxy */ = {
			isa = PBXContainerItemProxy;
			containerPortal = 5169C61920AAA4460014E15D /* Project object */;
			proxyType = 1;
			remoteGlobalIDString = 5169C62020AAA4460014E15D;
			remoteInfo = "Smart Device Developement Project";
		};
		5169C64320AAA4460014E15D /* PBXContainerItemProxy */ = {
			isa = PBXContainerItemProxy;
			containerPortal = 5169C61920AAA4460014E15D /* Project object */;
			proxyType = 1;
			remoteGlobalIDString = 5169C62020AAA4460014E15D;
			remoteInfo = "Smart Device Developement Project";
		};
/* End PBXContainerItemProxy section */

/* Begin PBXFileReference section */
		353201C0F88E066FB05BEF86 /* Pods_Smart_Device_Developement_ProjectTests.framework */ = {isa = PBXFileReference; explicitFileType = wrapper.framework; includeInIndex = 0; path = Pods_Smart_Device_Developement_ProjectTests.framework; sourceTree = BUILT_PRODUCTS_DIR; };
		4409878569FD3028865B23C7 /* Pods-Smart Device Developement ProjectUITests.debug.xcconfig */ = {isa = PBXFileReference; includeInIndex = 1; lastKnownFileType = text.xcconfig; name = "Pods-Smart Device Developement ProjectUITests.debug.xcconfig"; path = "Pods/Target Support Files/Pods-Smart Device Developement ProjectUITests/Pods-Smart Device Developement ProjectUITests.debug.xcconfig"; sourceTree = "<group>"; };
		510E2C4620EB51CD00E0E767 /* RapidAPISDK.framework */ = {isa = PBXFileReference; lastKnownFileType = wrapper.framework; name = RapidAPISDK.framework; path = Pods/RapidAPISDK.framework; sourceTree = "<group>"; };
		5112D5C920EF0DD100212972 /* WorkoutOfCatViewController.swift */ = {isa = PBXFileReference; lastKnownFileType = sourcecode.swift; path = WorkoutOfCatViewController.swift; sourceTree = "<group>"; };
		5116A7CD20FDB3B5006C2EA3 /* HawkerViewController.swift */ = {isa = PBXFileReference; lastKnownFileType = sourcecode.swift; path = HawkerViewController.swift; sourceTree = "<group>"; };
		5116A7CF20FDC551006C2EA3 /* HawkerCentres.swift */ = {isa = PBXFileReference; lastKnownFileType = sourcecode.swift; path = HawkerCentres.swift; sourceTree = "<group>"; };
		5137755620E210C900DC20FA /* ExerciseCreateDataManager.swift */ = {isa = PBXFileReference; lastKnownFileType = sourcecode.swift; path = ExerciseCreateDataManager.swift; sourceTree = "<group>"; };
		5137755820E222AF00DC20FA /* FoodScanner.storyboard */ = {isa = PBXFileReference; fileEncoding = 4; lastKnownFileType = file.storyboard; path = FoodScanner.storyboard; sourceTree = "<group>"; };
		5137755A20E2256400DC20FA /* DietaryPlan.storyboard */ = {isa = PBXFileReference; fileEncoding = 4; lastKnownFileType = file.storyboard; path = DietaryPlan.storyboard; sourceTree = "<group>"; };
		5137755C20E2261200DC20FA /* Dietary.storyboard */ = {isa = PBXFileReference; fileEncoding = 4; lastKnownFileType = file.storyboard; path = Dietary.storyboard; sourceTree = "<group>"; };
		513F09D420E20156009806D8 /* RunningDataManager.swift */ = {isa = PBXFileReference; fileEncoding = 4; lastKnownFileType = sourcecode.swift; path = RunningDataManager.swift; sourceTree = "<group>"; };
		513F09D620E2016B009806D8 /* Schedule.swift */ = {isa = PBXFileReference; fileEncoding = 4; lastKnownFileType = sourcecode.swift; path = Schedule.swift; sourceTree = "<group>"; };
		513F09D820E2019D009806D8 /* RunningTimerViewController.swift */ = {isa = PBXFileReference; fileEncoding = 4; lastKnownFileType = sourcecode.swift; path = RunningTimerViewController.swift; sourceTree = "<group>"; };
		513F09D920E2019D009806D8 /* ScheduleViewController.swift */ = {isa = PBXFileReference; fileEncoding = 4; lastKnownFileType = sourcecode.swift; path = ScheduleViewController.swift; sourceTree = "<group>"; };
		513F09DE20E20418009806D8 /* RunningStoryboard.storyboard */ = {isa = PBXFileReference; fileEncoding = 4; lastKnownFileType = file.storyboard; path = RunningStoryboard.storyboard; sourceTree = "<group>"; };
		513F09E020E209E2009806D8 /* Session.swift */ = {isa = PBXFileReference; lastKnownFileType = sourcecode.swift; path = Session.swift; sourceTree = "<group>"; };
		5154F67F20B78838000C9E29 /* LifestyleTheme.swift */ = {isa = PBXFileReference; lastKnownFileType = sourcecode.swift; path = LifestyleTheme.swift; sourceTree = "<group>"; };
		5169C62120AAA4460014E15D /* Smart Device Developement Project.app */ = {isa = PBXFileReference; explicitFileType = wrapper.application; includeInIndex = 0; path = "Smart Device Developement Project.app"; sourceTree = BUILT_PRODUCTS_DIR; };
		5169C62420AAA4460014E15D /* AppDelegate.swift */ = {isa = PBXFileReference; lastKnownFileType = sourcecode.swift; path = AppDelegate.swift; sourceTree = "<group>"; };
		5169C62B20AAA4460014E15D /* Base */ = {isa = PBXFileReference; lastKnownFileType = file.storyboard; name = Base; path = Base.lproj/Main.storyboard; sourceTree = "<group>"; };
		5169C62D20AAA4460014E15D /* Assets.xcassets */ = {isa = PBXFileReference; lastKnownFileType = folder.assetcatalog; path = Assets.xcassets; sourceTree = "<group>"; };
		5169C63020AAA4460014E15D /* Base */ = {isa = PBXFileReference; lastKnownFileType = file.storyboard; name = Base; path = Base.lproj/LaunchScreen.storyboard; sourceTree = "<group>"; };
		5169C63220AAA4460014E15D /* Info.plist */ = {isa = PBXFileReference; lastKnownFileType = text.plist.xml; path = Info.plist; sourceTree = "<group>"; };
		5169C63720AAA4460014E15D /* Smart Device Developement ProjectTests.xctest */ = {isa = PBXFileReference; explicitFileType = wrapper.cfbundle; includeInIndex = 0; path = "Smart Device Developement ProjectTests.xctest"; sourceTree = BUILT_PRODUCTS_DIR; };
		5169C63B20AAA4460014E15D /* Smart_Device_Developement_ProjectTests.swift */ = {isa = PBXFileReference; lastKnownFileType = sourcecode.swift; path = Smart_Device_Developement_ProjectTests.swift; sourceTree = "<group>"; };
		5169C63D20AAA4460014E15D /* Info.plist */ = {isa = PBXFileReference; lastKnownFileType = text.plist.xml; path = Info.plist; sourceTree = "<group>"; };
		5169C64220AAA4460014E15D /* Smart Device Developement ProjectUITests.xctest */ = {isa = PBXFileReference; explicitFileType = wrapper.cfbundle; includeInIndex = 0; path = "Smart Device Developement ProjectUITests.xctest"; sourceTree = BUILT_PRODUCTS_DIR; };
		5169C64620AAA4460014E15D /* Smart_Device_Developement_ProjectUITests.swift */ = {isa = PBXFileReference; lastKnownFileType = sourcecode.swift; path = Smart_Device_Developement_ProjectUITests.swift; sourceTree = "<group>"; };
		5169C64820AAA4460014E15D /* Info.plist */ = {isa = PBXFileReference; lastKnownFileType = text.plist.xml; path = Info.plist; sourceTree = "<group>"; };
		5169C65F20AAA68F0014E15D /* Exercise.storyboard */ = {isa = PBXFileReference; lastKnownFileType = file.storyboard; path = Exercise.storyboard; sourceTree = "<group>"; };
		5169C67020AAAA210014E15D /* ExerciseViewController.swift */ = {isa = PBXFileReference; lastKnownFileType = sourcecode.swift; path = ExerciseViewController.swift; sourceTree = "<group>"; };
		5169C67420AAAA390014E15D /* HRAViewController.swift */ = {isa = PBXFileReference; lastKnownFileType = sourcecode.swift; path = HRAViewController.swift; sourceTree = "<group>"; };
		516C779520FDB1C10042F8CE /* Model.xcdatamodel */ = {isa = PBXFileReference; lastKnownFileType = wrapper.xcdatamodel; path = Model.xcdatamodel; sourceTree = "<group>"; };
		51762D1520F60F29000CBFE8 /* SearchViewController.swift */ = {isa = PBXFileReference; lastKnownFileType = sourcecode.swift; path = SearchViewController.swift; sourceTree = "<group>"; };
		51762D1720F615CF000CBFE8 /* FoodViewController.swift */ = {isa = PBXFileReference; lastKnownFileType = sourcecode.swift; path = FoodViewController.swift; sourceTree = "<group>"; };
		51860BFD20E5CF6200DF498A /* Meal.swift */ = {isa = PBXFileReference; fileEncoding = 4; lastKnownFileType = sourcecode.swift; path = Meal.swift; sourceTree = "<group>"; };
		51862EBC20AE6D5E0058CE01 /* MainViewController.swift */ = {isa = PBXFileReference; lastKnownFileType = sourcecode.swift; path = MainViewController.swift; sourceTree = "<group>"; };
		5192A4DB20FD8BC500C64F9C /* WorkoutStartViewController.swift */ = {isa = PBXFileReference; lastKnownFileType = sourcecode.swift; path = WorkoutStartViewController.swift; sourceTree = "<group>"; };
		51A9CB0120B5184500BD18BB /* CustomCell.swift */ = {isa = PBXFileReference; lastKnownFileType = sourcecode.swift; path = CustomCell.swift; sourceTree = "<group>"; };
		51AEDE5020F49741005B44F0 /* ProfileViewController.swift */ = {isa = PBXFileReference; lastKnownFileType = sourcecode.swift; path = ProfileViewController.swift; sourceTree = "<group>"; };
		51CAE39621104F850032EB04 /* HawkerAnnotation.swift */ = {isa = PBXFileReference; lastKnownFileType = sourcecode.swift; path = HawkerAnnotation.swift; sourceTree = "<group>"; };
		51ED27C920F475D40054E053 /* AuthenticateUser.swift */ = {isa = PBXFileReference; lastKnownFileType = sourcecode.swift; path = AuthenticateUser.swift; sourceTree = "<group>"; };
		51ED27CB20F483640054E053 /* WorkoutImageDataManager.swift */ = {isa = PBXFileReference; lastKnownFileType = sourcecode.swift; path = WorkoutImageDataManager.swift; sourceTree = "<group>"; };
		51ED27CE20F4873A0054E053 /* Profile.storyboard */ = {isa = PBXFileReference; lastKnownFileType = file.storyboard; path = Profile.storyboard; sourceTree = "<group>"; };
		51FC308C20E6247400A5E685 /* CameraViewController.swift */ = {isa = PBXFileReference; fileEncoding = 4; lastKnownFileType = sourcecode.swift; path = CameraViewController.swift; sourceTree = "<group>"; };
		51FC308E20E62A5900A5E685 /* SummaryViewController.swift */ = {isa = PBXFileReference; lastKnownFileType = sourcecode.swift; path = SummaryViewController.swift; sourceTree = "<group>"; };
		5C03B93D7A28592C854E5A98 /* Pods-Smart Device Developement Project.debug.xcconfig */ = {isa = PBXFileReference; includeInIndex = 1; lastKnownFileType = text.xcconfig; name = "Pods-Smart Device Developement Project.debug.xcconfig"; path = "Pods/Target Support Files/Pods-Smart Device Developement Project/Pods-Smart Device Developement Project.debug.xcconfig"; sourceTree = "<group>"; };
		6925CF7420CF5EED00EC86CC /* DietaryPlanViewController.swift */ = {isa = PBXFileReference; lastKnownFileType = sourcecode.swift; path = DietaryPlanViewController.swift; sourceTree = "<group>"; };
		692D5D0720DAA253007A31D3 /* MealPlanTableViewCell.swift */ = {isa = PBXFileReference; lastKnownFileType = sourcecode.swift; path = MealPlanTableViewCell.swift; sourceTree = "<group>"; };
		692E473220E0E1B2009519C4 /* UserPlanPreferences.swift */ = {isa = PBXFileReference; lastKnownFileType = sourcecode.swift; path = UserPlanPreferences.swift; sourceTree = "<group>"; };
		693F6ACA20F25C7600F3FA95 /* ChangeMealViewController.swift */ = {isa = PBXFileReference; lastKnownFileType = sourcecode.swift; path = ChangeMealViewController.swift; sourceTree = "<group>"; };
		69B42A2B20DA4FA4008925D0 /* PlanOptionsViewController.swift */ = {isa = PBXFileReference; lastKnownFileType = sourcecode.swift; path = PlanOptionsViewController.swift; sourceTree = "<group>"; };
		69BE096B20DB6E980008BF25 /* MealPlan.swift */ = {isa = PBXFileReference; lastKnownFileType = sourcecode.swift; path = MealPlan.swift; sourceTree = "<group>"; };
		69BE096D20DB6EED0008BF25 /* DietaryPlanDataManager.swift */ = {isa = PBXFileReference; lastKnownFileType = sourcecode.swift; path = DietaryPlanDataManager.swift; sourceTree = "<group>"; };
		69D026DA20EE67FD008E450E /* DietaryPlanDataManagerFirebase.swift */ = {isa = PBXFileReference; lastKnownFileType = sourcecode.swift; path = DietaryPlanDataManagerFirebase.swift; sourceTree = "<group>"; };
		69E13BA3210A0045004630E5 /* checkForHawker.swift */ = {isa = PBXFileReference; lastKnownFileType = sourcecode.swift; path = checkForHawker.swift; sourceTree = "<group>"; };
		69E22A2120F0E4F40054D552 /* RecommendMeal.swift */ = {isa = PBXFileReference; lastKnownFileType = sourcecode.swift; path = RecommendMeal.swift; sourceTree = "<group>"; };
		69F9761820DFCBE900688C7A /* ViewMealViewController.swift */ = {isa = PBXFileReference; lastKnownFileType = sourcecode.swift; path = ViewMealViewController.swift; sourceTree = "<group>"; };
		69F9761A20DFCD5A00688C7A /* MealTypesViewController.swift */ = {isa = PBXFileReference; lastKnownFileType = sourcecode.swift; path = MealTypesViewController.swift; sourceTree = "<group>"; };
		70440BCE210DFA8A0080A21E /* Extension.swift */ = {isa = PBXFileReference; lastKnownFileType = sourcecode.swift; path = Extension.swift; sourceTree = "<group>"; };
		704CE37A210DC7F100ADA30C /* RunningCustomCell.swift */ = {isa = PBXFileReference; lastKnownFileType = sourcecode.swift; path = RunningCustomCell.swift; sourceTree = "<group>"; };
		7053561120F39A6800D72FF0 /* WeatherService.swift */ = {isa = PBXFileReference; lastKnownFileType = sourcecode.swift; path = WeatherService.swift; sourceTree = "<group>"; };
		7053561320F39FDC00D72FF0 /* Weather.swift */ = {isa = PBXFileReference; lastKnownFileType = sourcecode.swift; path = Weather.swift; sourceTree = "<group>"; };
		70657D60210EEE0F0063F3A0 /* RunningPaceViewController.swift */ = {isa = PBXFileReference; lastKnownFileType = sourcecode.swift; path = RunningPaceViewController.swift; sourceTree = "<group>"; };
		70657D62210F4A6C0063F3A0 /* MultiColorPolyline.swift */ = {isa = PBXFileReference; lastKnownFileType = sourcecode.swift; path = MultiColorPolyline.swift; sourceTree = "<group>"; };
		7078DD0D2115D10B00D304D4 /* Gpsiestrack-3.gpx */ = {isa = PBXFileReference; fileEncoding = 4; lastKnownFileType = text.xml; path = "Gpsiestrack-3.gpx"; sourceTree = "<group>"; };
		70A3D92920EB96DF003392C0 /* ZombieChase.mp3 */ = {isa = PBXFileReference; lastKnownFileType = audio.mp3; path = ZombieChase.mp3; sourceTree = "<group>"; };
		70E2568E20F0DA59000B7F01 /* HistorySessionViewController.swift */ = {isa = PBXFileReference; lastKnownFileType = sourcecode.swift; path = HistorySessionViewController.swift; sourceTree = "<group>"; };
		70E2CA1220F0A6BC0010FCBC /* ExpandableHeaderView.swift */ = {isa = PBXFileReference; lastKnownFileType = sourcecode.swift; path = ExpandableHeaderView.swift; sourceTree = "<group>"; };
		70E2CA1420F0AA000010FCBC /* RunnigHistoryViewController.swift */ = {isa = PBXFileReference; lastKnownFileType = sourcecode.swift; path = RunnigHistoryViewController.swift; sourceTree = "<group>"; };
		70E4D2AB2110DB7700C35453 /* PopUpViewController.swift */ = {isa = PBXFileReference; lastKnownFileType = sourcecode.swift; path = PopUpViewController.swift; sourceTree = "<group>"; };
		79ADE2F87818DD9DC91939DB /* Pods-Smart Device Developement ProjectUITests.release.xcconfig */ = {isa = PBXFileReference; includeInIndex = 1; lastKnownFileType = text.xcconfig; name = "Pods-Smart Device Developement ProjectUITests.release.xcconfig"; path = "Pods/Target Support Files/Pods-Smart Device Developement ProjectUITests/Pods-Smart Device Developement ProjectUITests.release.xcconfig"; sourceTree = "<group>"; };
		85E31B8A2FD15CE7A0458FDD /* Pods-Smart Device Developement ProjectTests.release.xcconfig */ = {isa = PBXFileReference; includeInIndex = 1; lastKnownFileType = text.xcconfig; name = "Pods-Smart Device Developement ProjectTests.release.xcconfig"; path = "Pods/Target Support Files/Pods-Smart Device Developement ProjectTests/Pods-Smart Device Developement ProjectTests.release.xcconfig"; sourceTree = "<group>"; };
		9004FB0920FA209700380722 /* SJFluidSegmentedControl.framework */ = {isa = PBXFileReference; explicitFileType = wrapper.framework; path = SJFluidSegmentedControl.framework; sourceTree = BUILT_PRODUCTS_DIR; };
		9004FB0B20FA259700380722 /* TTSegmentedControl.framework */ = {isa = PBXFileReference; explicitFileType = wrapper.framework; path = TTSegmentedControl.framework; sourceTree = BUILT_PRODUCTS_DIR; };
		9004FB0D20FA296C00380722 /* SDWebImage.framework */ = {isa = PBXFileReference; explicitFileType = wrapper.framework; path = SDWebImage.framework; sourceTree = BUILT_PRODUCTS_DIR; };
		9007CAE920FB30F6000521A8 /* CHIPageControl.framework */ = {isa = PBXFileReference; explicitFileType = wrapper.framework; path = CHIPageControl.framework; sourceTree = BUILT_PRODUCTS_DIR; };
		9007CAEB20FB3883000521A8 /* PageControls.framework */ = {isa = PBXFileReference; explicitFileType = wrapper.framework; path = PageControls.framework; sourceTree = BUILT_PRODUCTS_DIR; };
		9008B30920D3EE540096D9F2 /* HTTP_Auth.swift */ = {isa = PBXFileReference; fileEncoding = 4; lastKnownFileType = sourcecode.swift; path = HTTP_Auth.swift; sourceTree = "<group>"; };
		9008B30A20D3EE540096D9F2 /* SwiftyJSON.swift */ = {isa = PBXFileReference; fileEncoding = 4; lastKnownFileType = sourcecode.swift; path = SwiftyJSON.swift; sourceTree = "<group>"; };
		9008D51F20D6186800FEAC9E /* WorkoutViewController.swift */ = {isa = PBXFileReference; fileEncoding = 4; lastKnownFileType = sourcecode.swift; path = WorkoutViewController.swift; sourceTree = "<group>"; };
		9008D52120D6927F00FEAC9E /* SQLiteDB.swift */ = {isa = PBXFileReference; fileEncoding = 4; lastKnownFileType = sourcecode.swift; path = SQLiteDB.swift; sourceTree = "<group>"; };
		9008D52320D6932F00FEAC9E /* libsqlite3.tbd */ = {isa = PBXFileReference; lastKnownFileType = "sourcecode.text-based-dylib-definition"; name = libsqlite3.tbd; path = usr/lib/libsqlite3.tbd; sourceTree = SDKROOT; };
		900A3DFB20D4E60B00220298 /* Exercise.swift */ = {isa = PBXFileReference; fileEncoding = 4; lastKnownFileType = sourcecode.swift; path = Exercise.swift; sourceTree = "<group>"; };
		900A3DFC20D4E60B00220298 /* ExerciseDataManager.swift */ = {isa = PBXFileReference; fileEncoding = 4; lastKnownFileType = sourcecode.swift; path = ExerciseDataManager.swift; sourceTree = "<group>"; };
		900BCBF4210476A100E9A78B /* WorkoutCatViewController.swift */ = {isa = PBXFileReference; lastKnownFileType = sourcecode.swift; path = WorkoutCatViewController.swift; sourceTree = "<group>"; };
		901C88122113E7B300B8983A /* ChartDefaults.swift */ = {isa = PBXFileReference; fileEncoding = 4; lastKnownFileType = sourcecode.swift; path = ChartDefaults.swift; sourceTree = "<group>"; };
		901C96D721109FF400FAFB10 /* WorkoutPersonalCreateViewController.swift */ = {isa = PBXFileReference; lastKnownFileType = sourcecode.swift; path = WorkoutPersonalCreateViewController.swift; sourceTree = "<group>"; };
		901C96D92110D56D00FAFB10 /* ProfileEditViewController.swift */ = {isa = PBXFileReference; lastKnownFileType = sourcecode.swift; path = ProfileEditViewController.swift; sourceTree = "<group>"; };
		901C96DB2110DFE800FAFB10 /* WorkoutPersonalViewController.swift */ = {isa = PBXFileReference; lastKnownFileType = sourcecode.swift; path = WorkoutPersonalViewController.swift; sourceTree = "<group>"; };
		901C96DD2110E41E00FAFB10 /* WorkoutPersonalDetailViewController.swift */ = {isa = PBXFileReference; lastKnownFileType = sourcecode.swift; path = WorkoutPersonalDetailViewController.swift; sourceTree = "<group>"; };
		9030537420B83C860084534E /* TabBarController.swift */ = {isa = PBXFileReference; lastKnownFileType = sourcecode.swift; path = TabBarController.swift; sourceTree = "<group>"; };
		9030ED8120C0305600D28D92 /* acc.rtf */ = {isa = PBXFileReference; lastKnownFileType = text.rtf; path = acc.rtf; sourceTree = "<group>"; };
		904B98532106AE9D008B30A3 /* WorkoutModalViewController.swift */ = {isa = PBXFileReference; lastKnownFileType = sourcecode.swift; path = WorkoutModalViewController.swift; sourceTree = "<group>"; };
		9053B4FD20F99C0000C72DA1 /* WorkoutDetailInfoViewController.swift */ = {isa = PBXFileReference; lastKnownFileType = sourcecode.swift; path = WorkoutDetailInfoViewController.swift; sourceTree = "<group>"; };
		9053B4FF20F9A0CD00C72DA1 /* ExpyTableView.framework */ = {isa = PBXFileReference; explicitFileType = wrapper.framework; path = ExpyTableView.framework; sourceTree = BUILT_PRODUCTS_DIR; };
		9053B50120F9A20A00C72DA1 /* ProfileBtnCustomCell.swift */ = {isa = PBXFileReference; fileEncoding = 4; lastKnownFileType = sourcecode.swift; path = ProfileBtnCustomCell.swift; sourceTree = "<group>"; };
		9068A3F120F1A10C00973C88 /* WorkoutDetailViewController.swift */ = {isa = PBXFileReference; lastKnownFileType = sourcecode.swift; path = WorkoutDetailViewController.swift; sourceTree = "<group>"; };
		906FA74420B92B9E0061C953 /* GoogleService-Info.plist */ = {isa = PBXFileReference; fileEncoding = 4; lastKnownFileType = text.plist.xml; path = "GoogleService-Info.plist"; sourceTree = "<group>"; };
		90726C0E20D797B700FCFB28 /* DataManager.swift */ = {isa = PBXFileReference; lastKnownFileType = sourcecode.swift; path = DataManager.swift; sourceTree = "<group>"; };
		909ED72C20AFD1B30092D385 /* SignUpViewController.swift */ = {isa = PBXFileReference; lastKnownFileType = sourcecode.swift; path = SignUpViewController.swift; sourceTree = "<group>"; };
		90C601E920B00EAA002FFF5D /* Colors.swift */ = {isa = PBXFileReference; lastKnownFileType = sourcecode.swift; path = Colors.swift; sourceTree = "<group>"; };
		90C601EC20B01596002FFF5D /* LoginViewController.swift */ = {isa = PBXFileReference; lastKnownFileType = sourcecode.swift; path = LoginViewController.swift; sourceTree = "<group>"; };
		90D6C24920F9E7A800C32C73 /* WorkoutDetailCustomCell.swift */ = {isa = PBXFileReference; lastKnownFileType = sourcecode.swift; path = WorkoutDetailCustomCell.swift; sourceTree = "<group>"; };
		90F1EE5D20E8E0F6004353F7 /* Workout.storyboard */ = {isa = PBXFileReference; fileEncoding = 4; lastKnownFileType = file.storyboard; path = Workout.storyboard; sourceTree = "<group>"; };
		90F1EE6320E8EFAF004353F7 /* MaterialComponents.framework */ = {isa = PBXFileReference; explicitFileType = wrapper.framework; path = MaterialComponents.framework; sourceTree = BUILT_PRODUCTS_DIR; };
		90F9C74F20FB715100D111DC /* MediaPlayer.framework */ = {isa = PBXFileReference; lastKnownFileType = wrapper.framework; name = MediaPlayer.framework; path = System/Library/Frameworks/MediaPlayer.framework; sourceTree = SDKROOT; };
		90FBA46E20ECEE9C001785C8 /* WorkoutCustomViewCell.swift */ = {isa = PBXFileReference; lastKnownFileType = sourcecode.swift; path = WorkoutCustomViewCell.swift; sourceTree = "<group>"; };
		90FF3C61210C7512002CA885 /* Smart Device Developement Project-Bridging-Header.h */ = {isa = PBXFileReference; fileEncoding = 4; lastKnownFileType = sourcecode.c.h; path = "Smart Device Developement Project-Bridging-Header.h"; sourceTree = "<group>"; };
		90FF44C0210F2FC700CA8989 /* WorkoutHistoryViewController.swift */ = {isa = PBXFileReference; lastKnownFileType = sourcecode.swift; path = WorkoutHistoryViewController.swift; sourceTree = "<group>"; };
		A17DA4018283E26F6203D928 /* Pods-Smart Device Developement Project.release.xcconfig */ = {isa = PBXFileReference; includeInIndex = 1; lastKnownFileType = text.xcconfig; name = "Pods-Smart Device Developement Project.release.xcconfig"; path = "Pods/Target Support Files/Pods-Smart Device Developement Project/Pods-Smart Device Developement Project.release.xcconfig"; sourceTree = "<group>"; };
		BA1B7ED1271096417D94A407 /* Pods_Smart_Device_Developement_ProjectUITests.framework */ = {isa = PBXFileReference; explicitFileType = wrapper.framework; includeInIndex = 0; path = Pods_Smart_Device_Developement_ProjectUITests.framework; sourceTree = BUILT_PRODUCTS_DIR; };
		BEBD9E276B8F559FC8FC8F6D /* Pods-Smart Device Developement ProjectTests.debug.xcconfig */ = {isa = PBXFileReference; includeInIndex = 1; lastKnownFileType = text.xcconfig; name = "Pods-Smart Device Developement ProjectTests.debug.xcconfig"; path = "Pods/Target Support Files/Pods-Smart Device Developement ProjectTests/Pods-Smart Device Developement ProjectTests.debug.xcconfig"; sourceTree = "<group>"; };
		CF4920FE10E359FB0C13EC03 /* Pods_Smart_Device_Developement_Project.framework */ = {isa = PBXFileReference; explicitFileType = wrapper.framework; includeInIndex = 0; path = Pods_Smart_Device_Developement_Project.framework; sourceTree = BUILT_PRODUCTS_DIR; };
		F11D69AD21103EFD009EFCB0 /* food.mlmodel */ = {isa = PBXFileReference; lastKnownFileType = file.mlmodel; path = food.mlmodel; sourceTree = "<group>"; };
		F127A9DC210EB3910054F3E5 /* LoadingData.swift */ = {isa = PBXFileReference; lastKnownFileType = sourcecode.swift; path = LoadingData.swift; sourceTree = "<group>"; };
		F127A9DE210EB5720054F3E5 /* LoadingViewController.swift */ = {isa = PBXFileReference; lastKnownFileType = sourcecode.swift; path = LoadingViewController.swift; sourceTree = "<group>"; };
		F12F23EB20EDEEB900836A83 /* foodData.swift */ = {isa = PBXFileReference; lastKnownFileType = sourcecode.swift; path = foodData.swift; sourceTree = "<group>"; };
		F147301820D7A4B700C63470 /* DietaryViewController.swift */ = {isa = PBXFileReference; lastKnownFileType = sourcecode.swift; path = DietaryViewController.swift; sourceTree = "<group>"; };
		F147301A20D7C8DD00C63470 /* CircleProgressBarViewController.swift */ = {isa = PBXFileReference; lastKnownFileType = sourcecode.swift; path = CircleProgressBarViewController.swift; sourceTree = "<group>"; };
		F192FE7420F2162B005C76E8 /* BMIViewController.swift */ = {isa = PBXFileReference; lastKnownFileType = sourcecode.swift; path = BMIViewController.swift; sourceTree = "<group>"; };
		F192FE7620F25801005C76E8 /* NutrInfo.swift */ = {isa = PBXFileReference; lastKnownFileType = sourcecode.swift; path = NutrInfo.swift; sourceTree = "<group>"; };
		F1A1B6D020EB60190026A962 /* HTTP.swift */ = {isa = PBXFileReference; fileEncoding = 4; lastKnownFileType = sourcecode.swift; path = HTTP.swift; sourceTree = "<group>"; };
/* End PBXFileReference section */

/* Begin PBXFrameworksBuildPhase section */
		5169C61E20AAA4460014E15D /* Frameworks */ = {
			isa = PBXFrameworksBuildPhase;
			buildActionMask = 2147483647;
			files = (
				90F9C75020FB715100D111DC /* MediaPlayer.framework in Frameworks */,
				9053B50020F9A0CD00C72DA1 /* ExpyTableView.framework in Frameworks */,
				90F1EE6420E8EFAF004353F7 /* MaterialComponents.framework in Frameworks */,
				9008D52420D6933000FEAC9E /* libsqlite3.tbd in Frameworks */,
				4B9642A2DCFDA97CC70FE469 /* Pods_Smart_Device_Developement_Project.framework in Frameworks */,
			);
			runOnlyForDeploymentPostprocessing = 0;
		};
		5169C63420AAA4460014E15D /* Frameworks */ = {
			isa = PBXFrameworksBuildPhase;
			buildActionMask = 2147483647;
			files = (
				6EFFCD0FC2AE9D7A0696BD8F /* Pods_Smart_Device_Developement_ProjectTests.framework in Frameworks */,
			);
			runOnlyForDeploymentPostprocessing = 0;
		};
		5169C63F20AAA4460014E15D /* Frameworks */ = {
			isa = PBXFrameworksBuildPhase;
			buildActionMask = 2147483647;
			files = (
				242FA2352DD166E86D42D4CF /* Pods_Smart_Device_Developement_ProjectUITests.framework in Frameworks */,
			);
			runOnlyForDeploymentPostprocessing = 0;
		};
/* End PBXFrameworksBuildPhase section */

/* Begin PBXGroup section */
		479C890342300736434A6A7C /* Pods */ = {
			isa = PBXGroup;
			children = (
				5C03B93D7A28592C854E5A98 /* Pods-Smart Device Developement Project.debug.xcconfig */,
				A17DA4018283E26F6203D928 /* Pods-Smart Device Developement Project.release.xcconfig */,
				BEBD9E276B8F559FC8FC8F6D /* Pods-Smart Device Developement ProjectTests.debug.xcconfig */,
				85E31B8A2FD15CE7A0458FDD /* Pods-Smart Device Developement ProjectTests.release.xcconfig */,
				4409878569FD3028865B23C7 /* Pods-Smart Device Developement ProjectUITests.debug.xcconfig */,
				79ADE2F87818DD9DC91939DB /* Pods-Smart Device Developement ProjectUITests.release.xcconfig */,
			);
			name = Pods;
			sourceTree = "<group>";
		};
		5112D5C820EF0C3400212972 /* Workout */ = {
			isa = PBXGroup;
			children = (
				904B98522106AE7F008B30A3 /* Modal */,
				9001837720FA02AA00DACAB6 /* CustomCell */,
				9008D51F20D6186800FEAC9E /* WorkoutViewController.swift */,
				5112D5C920EF0DD100212972 /* WorkoutOfCatViewController.swift */,
				9068A3F120F1A10C00973C88 /* WorkoutDetailViewController.swift */,
				9053B4FD20F99C0000C72DA1 /* WorkoutDetailInfoViewController.swift */,
				5192A4DB20FD8BC500C64F9C /* WorkoutStartViewController.swift */,
				900BCBF4210476A100E9A78B /* WorkoutCatViewController.swift */,
				90FF44C0210F2FC700CA8989 /* WorkoutHistoryViewController.swift */,
				901C96D721109FF400FAFB10 /* WorkoutPersonalCreateViewController.swift */,
				901C96DB2110DFE800FAFB10 /* WorkoutPersonalViewController.swift */,
				901C96DD2110E41E00FAFB10 /* WorkoutPersonalDetailViewController.swift */,
			);
			path = Workout;
			sourceTree = "<group>";
		};
		5169C61820AAA4460014E15D = {
			isa = PBXGroup;
			children = (
				5169C62320AAA4460014E15D /* Smart Device Developement Project */,
				5169C63A20AAA4460014E15D /* Smart Device Developement ProjectTests */,
				5169C64520AAA4460014E15D /* Smart Device Developement ProjectUITests */,
				5169C62220AAA4460014E15D /* Products */,
				479C890342300736434A6A7C /* Pods */,
				8F1373C9382ED93377F91585 /* Frameworks */,
			);
			sourceTree = "<group>";
		};
		5169C62220AAA4460014E15D /* Products */ = {
			isa = PBXGroup;
			children = (
				5169C62120AAA4460014E15D /* Smart Device Developement Project.app */,
				5169C63720AAA4460014E15D /* Smart Device Developement ProjectTests.xctest */,
				5169C64220AAA4460014E15D /* Smart Device Developement ProjectUITests.xctest */,
			);
			name = Products;
			sourceTree = "<group>";
		};
		5169C62320AAA4460014E15D /* Smart Device Developement Project */ = {
			isa = PBXGroup;
			children = (
				7078DD0D2115D10B00D304D4 /* Gpsiestrack-3.gpx */,
				70A3D92820EB96CB003392C0 /* Music */,
				9008B30820D3EDF40096D9F2 /* Helpers */,
				90F9C7D820D39F39005BA228 /* DataManager */,
				90C601E820B00E87002FFF5D /* UI */,
				5169C66620AAA99C0014E15D /* ViewController */,
				5169C65520AAA49C0014E15D /* Storyboard */,
				5169C62420AAA4460014E15D /* AppDelegate.swift */,
				5169C62A20AAA4460014E15D /* Main.storyboard */,
				5169C62D20AAA4460014E15D /* Assets.xcassets */,
				5169C62F20AAA4460014E15D /* LaunchScreen.storyboard */,
				906FA74420B92B9E0061C953 /* GoogleService-Info.plist */,
				5169C63220AAA4460014E15D /* Info.plist */,
				9030ED8120C0305600D28D92 /* acc.rtf */,
				516C779420FDB1C10042F8CE /* Model.xcdatamodeld */,
			);
			path = "Smart Device Developement Project";
			sourceTree = "<group>";
		};
		5169C63A20AAA4460014E15D /* Smart Device Developement ProjectTests */ = {
			isa = PBXGroup;
			children = (
				5169C63B20AAA4460014E15D /* Smart_Device_Developement_ProjectTests.swift */,
				5169C63D20AAA4460014E15D /* Info.plist */,
			);
			path = "Smart Device Developement ProjectTests";
			sourceTree = "<group>";
		};
		5169C64520AAA4460014E15D /* Smart Device Developement ProjectUITests */ = {
			isa = PBXGroup;
			children = (
				5169C64620AAA4460014E15D /* Smart_Device_Developement_ProjectUITests.swift */,
				5169C64820AAA4460014E15D /* Info.plist */,
			);
			path = "Smart Device Developement ProjectUITests";
			sourceTree = "<group>";
		};
		5169C65520AAA49C0014E15D /* Storyboard */ = {
			isa = PBXGroup;
			children = (
				90F9C75120FB8A5100D111DC /* Workout */,
				51ED27CD20F487270054E053 /* Profile */,
				9054824F20CF699400BDF5D7 /* Running */,
				5169C65D20AAA6710014E15D /* Exercise */,
				5169C65A20AAA5F90014E15D /* Dietary */,
			);
			path = Storyboard;
			sourceTree = "<group>";
		};
		5169C65A20AAA5F90014E15D /* Dietary */ = {
			isa = PBXGroup;
			children = (
				5137755C20E2261200DC20FA /* Dietary.storyboard */,
				5137755820E222AF00DC20FA /* FoodScanner.storyboard */,
				5137755A20E2256400DC20FA /* DietaryPlan.storyboard */,
			);
			path = Dietary;
			sourceTree = "<group>";
		};
		5169C65D20AAA6710014E15D /* Exercise */ = {
			isa = PBXGroup;
			children = (
				5169C65F20AAA68F0014E15D /* Exercise.storyboard */,
			);
			path = Exercise;
			sourceTree = "<group>";
		};
		5169C66620AAA99C0014E15D /* ViewController */ = {
			isa = PBXGroup;
			children = (
				51AEDE4F20F4970C005B44F0 /* Profile */,
				5112D5C820EF0C3400212972 /* Workout */,
				5169C66D20AAA9ED0014E15D /* HRA */,
				70D4D7FF20D3A6BA009AC051 /* Running */,
				5169C66B20AAA9E20014E15D /* Exercise */,
				5169C66A20AAA9DC0014E15D /* Dietary */,
				909ED72C20AFD1B30092D385 /* SignUpViewController.swift */,
				90C601EC20B01596002FFF5D /* LoginViewController.swift */,
				9030537420B83C860084534E /* TabBarController.swift */,
				51862EBC20AE6D5E0058CE01 /* MainViewController.swift */,
				F127A9DE210EB5720054F3E5 /* LoadingViewController.swift */,
			);
			path = ViewController;
			sourceTree = "<group>";
		};
		5169C66A20AAA9DC0014E15D /* Dietary */ = {
			isa = PBXGroup;
			children = (
				69D65C7620CE3D08004DD12B /* DietaryPlan */,
				69D65C7720CE3D18004DD12B /* Dietary */,
			);
			path = Dietary;
			sourceTree = "<group>";
		};
		5169C66B20AAA9E20014E15D /* Exercise */ = {
			isa = PBXGroup;
			children = (
				5169C67020AAAA210014E15D /* ExerciseViewController.swift */,
			);
			path = Exercise;
			sourceTree = "<group>";
		};
		5169C66D20AAA9ED0014E15D /* HRA */ = {
			isa = PBXGroup;
			children = (
				5169C67420AAAA390014E15D /* HRAViewController.swift */,
				51A9CB0120B5184500BD18BB /* CustomCell.swift */,
			);
			path = HRA;
			sourceTree = "<group>";
		};
		51AEDE4F20F4970C005B44F0 /* Profile */ = {
			isa = PBXGroup;
			children = (
				9053B50120F9A20A00C72DA1 /* ProfileBtnCustomCell.swift */,
				51AEDE5020F49741005B44F0 /* ProfileViewController.swift */,
				901C96D92110D56D00FAFB10 /* ProfileEditViewController.swift */,
			);
			path = Profile;
			sourceTree = "<group>";
		};
		51ED27CD20F487270054E053 /* Profile */ = {
			isa = PBXGroup;
			children = (
				51ED27CE20F4873A0054E053 /* Profile.storyboard */,
			);
			path = Profile;
			sourceTree = "<group>";
		};
		6939311B20DA8F6F00C8775F /* Dietary */ = {
			isa = PBXGroup;
			children = (
				51860BFD20E5CF6200DF498A /* Meal.swift */,
				69BE096B20DB6E980008BF25 /* MealPlan.swift */,
				692E473220E0E1B2009519C4 /* UserPlanPreferences.swift */,
				69BE096D20DB6EED0008BF25 /* DietaryPlanDataManager.swift */,
				F12F23EB20EDEEB900836A83 /* foodData.swift */,
				69D026DA20EE67FD008E450E /* DietaryPlanDataManagerFirebase.swift */,
				69E22A2120F0E4F40054D552 /* RecommendMeal.swift */,
				F192FE7620F25801005C76E8 /* NutrInfo.swift */,
				5116A7CF20FDC551006C2EA3 /* HawkerCentres.swift */,
				69E13BA3210A0045004630E5 /* checkForHawker.swift */,
				51CAE39621104F850032EB04 /* HawkerAnnotation.swift */,
			);
			path = Dietary;
			sourceTree = "<group>";
		};
		69D65C7620CE3D08004DD12B /* DietaryPlan */ = {
			isa = PBXGroup;
			children = (
				6925CF7420CF5EED00EC86CC /* DietaryPlanViewController.swift */,
				69B42A2B20DA4FA4008925D0 /* PlanOptionsViewController.swift */,
				692D5D0720DAA253007A31D3 /* MealPlanTableViewCell.swift */,
				69F9761820DFCBE900688C7A /* ViewMealViewController.swift */,
				69F9761A20DFCD5A00688C7A /* MealTypesViewController.swift */,
				693F6ACA20F25C7600F3FA95 /* ChangeMealViewController.swift */,
				5116A7CD20FDB3B5006C2EA3 /* HawkerViewController.swift */,
			);
			path = DietaryPlan;
			sourceTree = "<group>";
		};
		69D65C7720CE3D18004DD12B /* Dietary */ = {
			isa = PBXGroup;
			children = (
				F11D69AD21103EFD009EFCB0 /* food.mlmodel */,
				51FC308C20E6247400A5E685 /* CameraViewController.swift */,
				F147301820D7A4B700C63470 /* DietaryViewController.swift */,
				F147301A20D7C8DD00C63470 /* CircleProgressBarViewController.swift */,
				51FC308E20E62A5900A5E685 /* SummaryViewController.swift */,
				F192FE7420F2162B005C76E8 /* BMIViewController.swift */,
				51762D1520F60F29000CBFE8 /* SearchViewController.swift */,
				51762D1720F615CF000CBFE8 /* FoodViewController.swift */,
			);
			path = Dietary;
			sourceTree = "<group>";
		};
		70A3D92820EB96CB003392C0 /* Music */ = {
			isa = PBXGroup;
			children = (
				70A3D92920EB96DF003392C0 /* ZombieChase.mp3 */,
			);
			path = Music;
			sourceTree = "<group>";
		};
		70D4D7FF20D3A6BA009AC051 /* Running */ = {
			isa = PBXGroup;
			children = (
				513F09D820E2019D009806D8 /* RunningTimerViewController.swift */,
				513F09D920E2019D009806D8 /* ScheduleViewController.swift */,
				70E2CA1220F0A6BC0010FCBC /* ExpandableHeaderView.swift */,
				70E2CA1420F0AA000010FCBC /* RunnigHistoryViewController.swift */,
				70E2568E20F0DA59000B7F01 /* HistorySessionViewController.swift */,
				7053561120F39A6800D72FF0 /* WeatherService.swift */,
				7053561320F39FDC00D72FF0 /* Weather.swift */,
				704CE37A210DC7F100ADA30C /* RunningCustomCell.swift */,
				70440BCE210DFA8A0080A21E /* Extension.swift */,
				70657D60210EEE0F0063F3A0 /* RunningPaceViewController.swift */,
				70657D62210F4A6C0063F3A0 /* MultiColorPolyline.swift */,
				70E4D2AB2110DB7700C35453 /* PopUpViewController.swift */,
			);
			path = Running;
			sourceTree = "<group>";
		};
		8F1373C9382ED93377F91585 /* Frameworks */ = {
			isa = PBXGroup;
			children = (
				90F9C74F20FB715100D111DC /* MediaPlayer.framework */,
				9007CAEB20FB3883000521A8 /* PageControls.framework */,
				9007CAE920FB30F6000521A8 /* CHIPageControl.framework */,
				9004FB0D20FA296C00380722 /* SDWebImage.framework */,
				9004FB0B20FA259700380722 /* TTSegmentedControl.framework */,
				9004FB0920FA209700380722 /* SJFluidSegmentedControl.framework */,
				9053B4FF20F9A0CD00C72DA1 /* ExpyTableView.framework */,
				510E2C4620EB51CD00E0E767 /* RapidAPISDK.framework */,
				90F1EE6320E8EFAF004353F7 /* MaterialComponents.framework */,
				9008D52320D6932F00FEAC9E /* libsqlite3.tbd */,
				CF4920FE10E359FB0C13EC03 /* Pods_Smart_Device_Developement_Project.framework */,
				353201C0F88E066FB05BEF86 /* Pods_Smart_Device_Developement_ProjectTests.framework */,
				BA1B7ED1271096417D94A407 /* Pods_Smart_Device_Developement_ProjectUITests.framework */,
			);
			name = Frameworks;
			sourceTree = "<group>";
		};
		9001837720FA02AA00DACAB6 /* CustomCell */ = {
			isa = PBXGroup;
			children = (
				90FBA46E20ECEE9C001785C8 /* WorkoutCustomViewCell.swift */,
				90D6C24920F9E7A800C32C73 /* WorkoutDetailCustomCell.swift */,
			);
			path = CustomCell;
			sourceTree = "<group>";
		};
		9008B30820D3EDF40096D9F2 /* Helpers */ = {
			isa = PBXGroup;
			children = (
				901C88122113E7B300B8983A /* ChartDefaults.swift */,
				90FF3C61210C7512002CA885 /* Smart Device Developement Project-Bridging-Header.h */,
				F1A1B6D020EB60190026A962 /* HTTP.swift */,
				9008D52120D6927F00FEAC9E /* SQLiteDB.swift */,
				9008B30920D3EE540096D9F2 /* HTTP_Auth.swift */,
				9008B30A20D3EE540096D9F2 /* SwiftyJSON.swift */,
			);
			path = Helpers;
			sourceTree = "<group>";
		};
		904B98522106AE7F008B30A3 /* Modal */ = {
			isa = PBXGroup;
			children = (
				904B98532106AE9D008B30A3 /* WorkoutModalViewController.swift */,
			);
			path = Modal;
			sourceTree = "<group>";
		};
		9054824F20CF699400BDF5D7 /* Running */ = {
			isa = PBXGroup;
			children = (
				513F09DE20E20418009806D8 /* RunningStoryboard.storyboard */,
			);
			path = Running;
			sourceTree = "<group>";
		};
		9084B1E420E12A3100B49038 /* Running */ = {
			isa = PBXGroup;
			children = (
				513F09D620E2016B009806D8 /* Schedule.swift */,
				513F09D420E20156009806D8 /* RunningDataManager.swift */,
				513F09E020E209E2009806D8 /* Session.swift */,
			);
			path = Running;
			sourceTree = "<group>";
		};
		90C601E820B00E87002FFF5D /* UI */ = {
			isa = PBXGroup;
			children = (
				90C601E920B00EAA002FFF5D /* Colors.swift */,
				5154F67F20B78838000C9E29 /* LifestyleTheme.swift */,
			);
			path = UI;
			sourceTree = "<group>";
		};
		90F9C75120FB8A5100D111DC /* Workout */ = {
			isa = PBXGroup;
			children = (
				90F1EE5D20E8E0F6004353F7 /* Workout.storyboard */,
			);
			path = Workout;
			sourceTree = "<group>";
		};
		90F9C7D820D39F39005BA228 /* DataManager */ = {
			isa = PBXGroup;
			children = (
				90726C0E20D797B700FCFB28 /* DataManager.swift */,
				9084B1E420E12A3100B49038 /* Running */,
				6939311B20DA8F6F00C8775F /* Dietary */,
				90F9C7D920D39F45005BA228 /* Exercise */,
				51ED27C920F475D40054E053 /* AuthenticateUser.swift */,
				F127A9DC210EB3910054F3E5 /* LoadingData.swift */,
			);
			path = DataManager;
			sourceTree = "<group>";
		};
		90F9C7D920D39F45005BA228 /* Exercise */ = {
			isa = PBXGroup;
			children = (
				900A3DFB20D4E60B00220298 /* Exercise.swift */,
				900A3DFC20D4E60B00220298 /* ExerciseDataManager.swift */,
				5137755620E210C900DC20FA /* ExerciseCreateDataManager.swift */,
				51ED27CB20F483640054E053 /* WorkoutImageDataManager.swift */,
			);
			path = Exercise;
			sourceTree = "<group>";
		};
/* End PBXGroup section */

/* Begin PBXNativeTarget section */
		5169C62020AAA4460014E15D /* Smart Device Developement Project */ = {
			isa = PBXNativeTarget;
			buildConfigurationList = 5169C64B20AAA4460014E15D /* Build configuration list for PBXNativeTarget "Smart Device Developement Project" */;
			buildPhases = (
				11D9611A83C3DE976D55E2DE /* [CP] Check Pods Manifest.lock */,
				5169C61D20AAA4460014E15D /* Sources */,
				5169C61E20AAA4460014E15D /* Frameworks */,
				5169C61F20AAA4460014E15D /* Resources */,
				E13AD2F3C77CAC43A88E155A /* [CP] Embed Pods Frameworks */,
			);
			buildRules = (
			);
			dependencies = (
			);
			name = "Smart Device Developement Project";
			productName = "Smart Device Developement Project";
			productReference = 5169C62120AAA4460014E15D /* Smart Device Developement Project.app */;
			productType = "com.apple.product-type.application";
		};
		5169C63620AAA4460014E15D /* Smart Device Developement ProjectTests */ = {
			isa = PBXNativeTarget;
			buildConfigurationList = 5169C64E20AAA4460014E15D /* Build configuration list for PBXNativeTarget "Smart Device Developement ProjectTests" */;
			buildPhases = (
				70785ABD0ED6F98C9FE1CC5D /* [CP] Check Pods Manifest.lock */,
				5169C63320AAA4460014E15D /* Sources */,
				5169C63420AAA4460014E15D /* Frameworks */,
				5169C63520AAA4460014E15D /* Resources */,
			);
			buildRules = (
			);
			dependencies = (
				5169C63920AAA4460014E15D /* PBXTargetDependency */,
			);
			name = "Smart Device Developement ProjectTests";
			productName = "Smart Device Developement ProjectTests";
			productReference = 5169C63720AAA4460014E15D /* Smart Device Developement ProjectTests.xctest */;
			productType = "com.apple.product-type.bundle.unit-test";
		};
		5169C64120AAA4460014E15D /* Smart Device Developement ProjectUITests */ = {
			isa = PBXNativeTarget;
			buildConfigurationList = 5169C65120AAA4460014E15D /* Build configuration list for PBXNativeTarget "Smart Device Developement ProjectUITests" */;
			buildPhases = (
				26A19298588B0E31D0399BF8 /* [CP] Check Pods Manifest.lock */,
				5169C63E20AAA4460014E15D /* Sources */,
				5169C63F20AAA4460014E15D /* Frameworks */,
				5169C64020AAA4460014E15D /* Resources */,
			);
			buildRules = (
			);
			dependencies = (
				5169C64420AAA4460014E15D /* PBXTargetDependency */,
			);
			name = "Smart Device Developement ProjectUITests";
			productName = "Smart Device Developement ProjectUITests";
			productReference = 5169C64220AAA4460014E15D /* Smart Device Developement ProjectUITests.xctest */;
			productType = "com.apple.product-type.bundle.ui-testing";
		};
/* End PBXNativeTarget section */

/* Begin PBXProject section */
		5169C61920AAA4460014E15D /* Project object */ = {
			isa = PBXProject;
			attributes = {
				LastSwiftUpdateCheck = 0920;
				LastUpgradeCheck = 0930;
				ORGANIZATIONNAME = ITP312;
				TargetAttributes = {
					5169C62020AAA4460014E15D = {
						CreatedOnToolsVersion = 9.2;
						LastSwiftMigration = 0940;
						ProvisioningStyle = Automatic;
					};
					5169C63620AAA4460014E15D = {
						CreatedOnToolsVersion = 9.2;
						ProvisioningStyle = Automatic;
						TestTargetID = 5169C62020AAA4460014E15D;
					};
					5169C64120AAA4460014E15D = {
						CreatedOnToolsVersion = 9.2;
						ProvisioningStyle = Automatic;
						TestTargetID = 5169C62020AAA4460014E15D;
					};
				};
			};
			buildConfigurationList = 5169C61C20AAA4460014E15D /* Build configuration list for PBXProject "Smart Device Developement Project" */;
			compatibilityVersion = "Xcode 8.0";
			developmentRegion = en;
			hasScannedForEncodings = 0;
			knownRegions = (
				en,
				Base,
			);
			mainGroup = 5169C61820AAA4460014E15D;
			productRefGroup = 5169C62220AAA4460014E15D /* Products */;
			projectDirPath = "";
			projectRoot = "";
			targets = (
				5169C62020AAA4460014E15D /* Smart Device Developement Project */,
				5169C63620AAA4460014E15D /* Smart Device Developement ProjectTests */,
				5169C64120AAA4460014E15D /* Smart Device Developement ProjectUITests */,
			);
		};
/* End PBXProject section */

/* Begin PBXResourcesBuildPhase section */
		5169C61F20AAA4460014E15D /* Resources */ = {
			isa = PBXResourcesBuildPhase;
			buildActionMask = 2147483647;
			files = (
				5137755920E222AF00DC20FA /* FoodScanner.storyboard in Resources */,
				5137755B20E2256400DC20FA /* DietaryPlan.storyboard in Resources */,
				5169C66020AAA68F0014E15D /* Exercise.storyboard in Resources */,
				5137755D20E2261200DC20FA /* Dietary.storyboard in Resources */,
				9030ED8220C0305600D28D92 /* acc.rtf in Resources */,
				906FA74520B92B9E0061C953 /* GoogleService-Info.plist in Resources */,
				70A3D92A20EB96DF003392C0 /* ZombieChase.mp3 in Resources */,
				513F09DF20E20418009806D8 /* RunningStoryboard.storyboard in Resources */,
				5169C63120AAA4460014E15D /* LaunchScreen.storyboard in Resources */,
				90F1EE5E20E8E0F6004353F7 /* Workout.storyboard in Resources */,
				5169C62E20AAA4460014E15D /* Assets.xcassets in Resources */,
				51ED27CF20F4873A0054E053 /* Profile.storyboard in Resources */,
				7078DD0E2115D10B00D304D4 /* Gpsiestrack-3.gpx in Resources */,
				5169C62C20AAA4460014E15D /* Main.storyboard in Resources */,
			);
			runOnlyForDeploymentPostprocessing = 0;
		};
		5169C63520AAA4460014E15D /* Resources */ = {
			isa = PBXResourcesBuildPhase;
			buildActionMask = 2147483647;
			files = (
			);
			runOnlyForDeploymentPostprocessing = 0;
		};
		5169C64020AAA4460014E15D /* Resources */ = {
			isa = PBXResourcesBuildPhase;
			buildActionMask = 2147483647;
			files = (
			);
			runOnlyForDeploymentPostprocessing = 0;
		};
/* End PBXResourcesBuildPhase section */

/* Begin PBXShellScriptBuildPhase section */
		11D9611A83C3DE976D55E2DE /* [CP] Check Pods Manifest.lock */ = {
			isa = PBXShellScriptBuildPhase;
			buildActionMask = 2147483647;
			files = (
			);
			inputPaths = (
				"${PODS_PODFILE_DIR_PATH}/Podfile.lock",
				"${PODS_ROOT}/Manifest.lock",
			);
			name = "[CP] Check Pods Manifest.lock";
			outputPaths = (
				"$(DERIVED_FILE_DIR)/Pods-Smart Device Developement Project-checkManifestLockResult.txt",
			);
			runOnlyForDeploymentPostprocessing = 0;
			shellPath = /bin/sh;
			shellScript = "diff \"${PODS_PODFILE_DIR_PATH}/Podfile.lock\" \"${PODS_ROOT}/Manifest.lock\" > /dev/null\nif [ $? != 0 ] ; then\n    # print error to STDERR\n    echo \"error: The sandbox is not in sync with the Podfile.lock. Run 'pod install' or update your CocoaPods installation.\" >&2\n    exit 1\nfi\n# This output is used by Xcode 'outputs' to avoid re-running this script phase.\necho \"SUCCESS\" > \"${SCRIPT_OUTPUT_FILE_0}\"\n";
			showEnvVarsInLog = 0;
		};
		26A19298588B0E31D0399BF8 /* [CP] Check Pods Manifest.lock */ = {
			isa = PBXShellScriptBuildPhase;
			buildActionMask = 2147483647;
			files = (
			);
			inputPaths = (
				"${PODS_PODFILE_DIR_PATH}/Podfile.lock",
				"${PODS_ROOT}/Manifest.lock",
			);
			name = "[CP] Check Pods Manifest.lock";
			outputPaths = (
				"$(DERIVED_FILE_DIR)/Pods-Smart Device Developement ProjectUITests-checkManifestLockResult.txt",
			);
			runOnlyForDeploymentPostprocessing = 0;
			shellPath = /bin/sh;
			shellScript = "diff \"${PODS_PODFILE_DIR_PATH}/Podfile.lock\" \"${PODS_ROOT}/Manifest.lock\" > /dev/null\nif [ $? != 0 ] ; then\n    # print error to STDERR\n    echo \"error: The sandbox is not in sync with the Podfile.lock. Run 'pod install' or update your CocoaPods installation.\" >&2\n    exit 1\nfi\n# This output is used by Xcode 'outputs' to avoid re-running this script phase.\necho \"SUCCESS\" > \"${SCRIPT_OUTPUT_FILE_0}\"\n";
			showEnvVarsInLog = 0;
		};
		70785ABD0ED6F98C9FE1CC5D /* [CP] Check Pods Manifest.lock */ = {
			isa = PBXShellScriptBuildPhase;
			buildActionMask = 2147483647;
			files = (
			);
			inputPaths = (
				"${PODS_PODFILE_DIR_PATH}/Podfile.lock",
				"${PODS_ROOT}/Manifest.lock",
			);
			name = "[CP] Check Pods Manifest.lock";
			outputPaths = (
				"$(DERIVED_FILE_DIR)/Pods-Smart Device Developement ProjectTests-checkManifestLockResult.txt",
			);
			runOnlyForDeploymentPostprocessing = 0;
			shellPath = /bin/sh;
			shellScript = "diff \"${PODS_PODFILE_DIR_PATH}/Podfile.lock\" \"${PODS_ROOT}/Manifest.lock\" > /dev/null\nif [ $? != 0 ] ; then\n    # print error to STDERR\n    echo \"error: The sandbox is not in sync with the Podfile.lock. Run 'pod install' or update your CocoaPods installation.\" >&2\n    exit 1\nfi\n# This output is used by Xcode 'outputs' to avoid re-running this script phase.\necho \"SUCCESS\" > \"${SCRIPT_OUTPUT_FILE_0}\"\n";
			showEnvVarsInLog = 0;
		};
		E13AD2F3C77CAC43A88E155A /* [CP] Embed Pods Frameworks */ = {
			isa = PBXShellScriptBuildPhase;
			buildActionMask = 2147483647;
			files = (
			);
			inputPaths = (
				"${SRCROOT}/Pods/Target Support Files/Pods-Smart Device Developement Project/Pods-Smart Device Developement Project-frameworks.sh",
				"${BUILT_PRODUCTS_DIR}/Alamofire/Alamofire.framework",
				"${BUILT_PRODUCTS_DIR}/Cards/Cards.framework",
				"${BUILT_PRODUCTS_DIR}/Charts/Charts.framework",
				"${BUILT_PRODUCTS_DIR}/ExpyTableView/ExpyTableView.framework",
				"${BUILT_PRODUCTS_DIR}/GTMSessionFetcher/GTMSessionFetcher.framework",
				"${BUILT_PRODUCTS_DIR}/GoogleToolboxForMac/GoogleToolboxForMac.framework",
				"${BUILT_PRODUCTS_DIR}/IQDropDownTextField/IQDropDownTextField.framework",
				"${BUILT_PRODUCTS_DIR}/JBChartView/JBChartView.framework",
				"${BUILT_PRODUCTS_DIR}/MDFInternationalization/MDFInternationalization.framework",
				"${BUILT_PRODUCTS_DIR}/MDFTextAccessibility/MDFTextAccessibility.framework",
				"${BUILT_PRODUCTS_DIR}/MZTimerLabel/MZTimerLabel.framework",
				"${BUILT_PRODUCTS_DIR}/MaterialComponents/MaterialComponents.framework",
				"${BUILT_PRODUCTS_DIR}/Player/Player.framework",
				"${BUILT_PRODUCTS_DIR}/SDWebImage/SDWebImage.framework",
				"${BUILT_PRODUCTS_DIR}/SwiftCharts/SwiftCharts.framework",
				"${BUILT_PRODUCTS_DIR}/leveldb-library/leveldb.framework",
				"${BUILT_PRODUCTS_DIR}/nanopb/nanopb.framework",
			);
			name = "[CP] Embed Pods Frameworks";
			outputPaths = (
				"${TARGET_BUILD_DIR}/${FRAMEWORKS_FOLDER_PATH}/Alamofire.framework",
				"${TARGET_BUILD_DIR}/${FRAMEWORKS_FOLDER_PATH}/Cards.framework",
				"${TARGET_BUILD_DIR}/${FRAMEWORKS_FOLDER_PATH}/Charts.framework",
				"${TARGET_BUILD_DIR}/${FRAMEWORKS_FOLDER_PATH}/ExpyTableView.framework",
				"${TARGET_BUILD_DIR}/${FRAMEWORKS_FOLDER_PATH}/GTMSessionFetcher.framework",
				"${TARGET_BUILD_DIR}/${FRAMEWORKS_FOLDER_PATH}/GoogleToolboxForMac.framework",
				"${TARGET_BUILD_DIR}/${FRAMEWORKS_FOLDER_PATH}/IQDropDownTextField.framework",
				"${TARGET_BUILD_DIR}/${FRAMEWORKS_FOLDER_PATH}/JBChartView.framework",
				"${TARGET_BUILD_DIR}/${FRAMEWORKS_FOLDER_PATH}/MDFInternationalization.framework",
				"${TARGET_BUILD_DIR}/${FRAMEWORKS_FOLDER_PATH}/MDFTextAccessibility.framework",
				"${TARGET_BUILD_DIR}/${FRAMEWORKS_FOLDER_PATH}/MZTimerLabel.framework",
				"${TARGET_BUILD_DIR}/${FRAMEWORKS_FOLDER_PATH}/MaterialComponents.framework",
				"${TARGET_BUILD_DIR}/${FRAMEWORKS_FOLDER_PATH}/Player.framework",
				"${TARGET_BUILD_DIR}/${FRAMEWORKS_FOLDER_PATH}/SDWebImage.framework",
				"${TARGET_BUILD_DIR}/${FRAMEWORKS_FOLDER_PATH}/SwiftCharts.framework",
				"${TARGET_BUILD_DIR}/${FRAMEWORKS_FOLDER_PATH}/leveldb.framework",
				"${TARGET_BUILD_DIR}/${FRAMEWORKS_FOLDER_PATH}/nanopb.framework",
			);
			runOnlyForDeploymentPostprocessing = 0;
			shellPath = /bin/sh;
			shellScript = "\"${SRCROOT}/Pods/Target Support Files/Pods-Smart Device Developement Project/Pods-Smart Device Developement Project-frameworks.sh\"\n";
			showEnvVarsInLog = 0;
		};
/* End PBXShellScriptBuildPhase section */

/* Begin PBXSourcesBuildPhase section */
		5169C61D20AAA4460014E15D /* Sources */ = {
			isa = PBXSourcesBuildPhase;
			buildActionMask = 2147483647;
			files = (
				70440BCF210DFA8A0080A21E /* Extension.swift in Sources */,
				5112D5CA20EF0DD100212972 /* WorkoutOfCatViewController.swift in Sources */,
				F192FE7720F25801005C76E8 /* NutrInfo.swift in Sources */,
				51862EBD20AE6D5E0058CE01 /* MainViewController.swift in Sources */,
				51A9CB0220B5184500BD18BB /* CustomCell.swift in Sources */,
				69D026DB20EE67FD008E450E /* DietaryPlanDataManagerFirebase.swift in Sources */,
				51ED27CC20F483640054E053 /* WorkoutImageDataManager.swift in Sources */,
				F127A9DF210EB5720054F3E5 /* LoadingViewController.swift in Sources */,
				693F6ACB20F25C7600F3FA95 /* ChangeMealViewController.swift in Sources */,
				900A3DFF20D4E60B00220298 /* ExerciseDataManager.swift in Sources */,
				7053561420F39FDC00D72FF0 /* Weather.swift in Sources */,
				513F09DB20E2019D009806D8 /* ScheduleViewController.swift in Sources */,
				904B98542106AE9D008B30A3 /* WorkoutModalViewController.swift in Sources */,
				692E473320E0E1B2009519C4 /* UserPlanPreferences.swift in Sources */,
				70E2CA1320F0A6BC0010FCBC /* ExpandableHeaderView.swift in Sources */,
				9008B30B20D3EE540096D9F2 /* HTTP_Auth.swift in Sources */,
				900A3DFE20D4E60B00220298 /* Exercise.swift in Sources */,
				51762D1620F60F29000CBFE8 /* SearchViewController.swift in Sources */,
				90D6C24A20F9E7A800C32C73 /* WorkoutDetailCustomCell.swift in Sources */,
				9053B50220F9A20A00C72DA1 /* ProfileBtnCustomCell.swift in Sources */,
				70E2CA1520F0AA000010FCBC /* RunnigHistoryViewController.swift in Sources */,
				69F9761920DFCBE900688C7A /* ViewMealViewController.swift in Sources */,
				901C96D821109FF400FAFB10 /* WorkoutPersonalCreateViewController.swift in Sources */,
				5116A7CE20FDB3B5006C2EA3 /* HawkerViewController.swift in Sources */,
				F147301920D7A4B700C63470 /* DietaryViewController.swift in Sources */,
				69B42A2C20DA4FA4008925D0 /* PlanOptionsViewController.swift in Sources */,
				5154F68020B78838000C9E29 /* LifestyleTheme.swift in Sources */,
				69F9761B20DFCD5A00688C7A /* MealTypesViewController.swift in Sources */,
				90C601EA20B00EAA002FFF5D /* Colors.swift in Sources */,
				9008D52220D6927F00FEAC9E /* SQLiteDB.swift in Sources */,
				51ED27CA20F475D40054E053 /* AuthenticateUser.swift in Sources */,
				F11D69AE21103EFE009EFCB0 /* food.mlmodel in Sources */,
				51FC308F20E62A5900A5E685 /* SummaryViewController.swift in Sources */,
				900BCBF5210476A100E9A78B /* WorkoutCatViewController.swift in Sources */,
				5192A4DC20FD8BC500C64F9C /* WorkoutStartViewController.swift in Sources */,
				70E2568F20F0DA5A000B7F01 /* HistorySessionViewController.swift in Sources */,
				70657D61210EEE0F0063F3A0 /* RunningPaceViewController.swift in Sources */,
				5169C62520AAA4460014E15D /* AppDelegate.swift in Sources */,
				692D5D0820DAA253007A31D3 /* MealPlanTableViewCell.swift in Sources */,
				F1A1B6D220EB60190026A962 /* HTTP.swift in Sources */,
				5116A7D020FDC551006C2EA3 /* HawkerCentres.swift in Sources */,
				69E13BA4210A0045004630E5 /* checkForHawker.swift in Sources */,
				9008D52020D6186800FEAC9E /* WorkoutViewController.swift in Sources */,
				901C96DA2110D56D00FAFB10 /* ProfileEditViewController.swift in Sources */,
				9053B4FE20F99C0000C72DA1 /* WorkoutDetailInfoViewController.swift in Sources */,
				9030537520B83C860084534E /* TabBarController.swift in Sources */,
				9068A3F220F1A10C00973C88 /* WorkoutDetailViewController.swift in Sources */,
				5137755720E210C900DC20FA /* ExerciseCreateDataManager.swift in Sources */,
				7053561220F39A6800D72FF0 /* WeatherService.swift in Sources */,
				909ED72D20AFD1B30092D385 /* SignUpViewController.swift in Sources */,
				51FC308D20E6247400A5E685 /* CameraViewController.swift in Sources */,
				69BE096C20DB6E980008BF25 /* MealPlan.swift in Sources */,
				69E22A2220F0E4F40054D552 /* RecommendMeal.swift in Sources */,
				51AEDE5120F49741005B44F0 /* ProfileViewController.swift in Sources */,
				51CAE39721104F850032EB04 /* HawkerAnnotation.swift in Sources */,
				F147301B20D7C8DD00C63470 /* CircleProgressBarViewController.swift in Sources */,
				69BE096E20DB6EEE0008BF25 /* DietaryPlanDataManager.swift in Sources */,
				901C88132113E7B300B8983A /* ChartDefaults.swift in Sources */,
				51762D1820F615CF000CBFE8 /* FoodViewController.swift in Sources */,
				90FBA46F20ECEE9C001785C8 /* WorkoutCustomViewCell.swift in Sources */,
				9008B30C20D3EE540096D9F2 /* SwiftyJSON.swift in Sources */,
				5169C67520AAAA390014E15D /* HRAViewController.swift in Sources */,
				513F09E120E209E2009806D8 /* Session.swift in Sources */,
				51860BFF20E5CF6200DF498A /* Meal.swift in Sources */,
				5169C67120AAAA210014E15D /* ExerciseViewController.swift in Sources */,
				70657D63210F4A6C0063F3A0 /* MultiColorPolyline.swift in Sources */,
				513F09D720E2016B009806D8 /* Schedule.swift in Sources */,
				F192FE7520F2162B005C76E8 /* BMIViewController.swift in Sources */,
				513F09DA20E2019D009806D8 /* RunningTimerViewController.swift in Sources */,
				F127A9DD210EB3910054F3E5 /* LoadingData.swift in Sources */,
				90C601ED20B01596002FFF5D /* LoginViewController.swift in Sources */,
				F19AC74C210F0F6B005B66B2 /* DietaryPlanViewController.swift in Sources */,
				516C779620FDB1C10042F8CE /* Model.xcdatamodeld in Sources */,
				F12F23EC20EDEEB900836A83 /* foodData.swift in Sources */,
				70E4D2AC2110DB7700C35453 /* PopUpViewController.swift in Sources */,
				90726C0F20D797B700FCFB28 /* DataManager.swift in Sources */,
				90FF44C1210F2FC700CA8989 /* WorkoutHistoryViewController.swift in Sources */,
				704CE37B210DC7F100ADA30C /* RunningCustomCell.swift in Sources */,
				901C96DC2110DFE800FAFB10 /* WorkoutPersonalViewController.swift in Sources */,
				901C96DE2110E41E00FAFB10 /* WorkoutPersonalDetailViewController.swift in Sources */,
				513F09D520E20156009806D8 /* RunningDataManager.swift in Sources */,
			);
			runOnlyForDeploymentPostprocessing = 0;
		};
		5169C63320AAA4460014E15D /* Sources */ = {
			isa = PBXSourcesBuildPhase;
			buildActionMask = 2147483647;
			files = (
				5169C63C20AAA4460014E15D /* Smart_Device_Developement_ProjectTests.swift in Sources */,
			);
			runOnlyForDeploymentPostprocessing = 0;
		};
		5169C63E20AAA4460014E15D /* Sources */ = {
			isa = PBXSourcesBuildPhase;
			buildActionMask = 2147483647;
			files = (
				5169C64720AAA4460014E15D /* Smart_Device_Developement_ProjectUITests.swift in Sources */,
			);
			runOnlyForDeploymentPostprocessing = 0;
		};
/* End PBXSourcesBuildPhase section */

/* Begin PBXTargetDependency section */
		5169C63920AAA4460014E15D /* PBXTargetDependency */ = {
			isa = PBXTargetDependency;
			target = 5169C62020AAA4460014E15D /* Smart Device Developement Project */;
			targetProxy = 5169C63820AAA4460014E15D /* PBXContainerItemProxy */;
		};
		5169C64420AAA4460014E15D /* PBXTargetDependency */ = {
			isa = PBXTargetDependency;
			target = 5169C62020AAA4460014E15D /* Smart Device Developement Project */;
			targetProxy = 5169C64320AAA4460014E15D /* PBXContainerItemProxy */;
		};
/* End PBXTargetDependency section */

/* Begin PBXVariantGroup section */
		5169C62A20AAA4460014E15D /* Main.storyboard */ = {
			isa = PBXVariantGroup;
			children = (
				5169C62B20AAA4460014E15D /* Base */,
			);
			name = Main.storyboard;
			sourceTree = "<group>";
		};
		5169C62F20AAA4460014E15D /* LaunchScreen.storyboard */ = {
			isa = PBXVariantGroup;
			children = (
				5169C63020AAA4460014E15D /* Base */,
			);
			name = LaunchScreen.storyboard;
			sourceTree = "<group>";
		};
/* End PBXVariantGroup section */

/* Begin XCBuildConfiguration section */
		5169C64920AAA4460014E15D /* Debug */ = {
			isa = XCBuildConfiguration;
			buildSettings = {
				ALWAYS_SEARCH_USER_PATHS = NO;
				CLANG_ANALYZER_NONNULL = YES;
				CLANG_ANALYZER_NUMBER_OBJECT_CONVERSION = YES_AGGRESSIVE;
				CLANG_CXX_LANGUAGE_STANDARD = "gnu++14";
				CLANG_CXX_LIBRARY = "libc++";
				CLANG_ENABLE_MODULES = YES;
				CLANG_ENABLE_OBJC_ARC = YES;
				CLANG_WARN_BLOCK_CAPTURE_AUTORELEASING = YES;
				CLANG_WARN_BOOL_CONVERSION = YES;
				CLANG_WARN_COMMA = YES;
				CLANG_WARN_CONSTANT_CONVERSION = YES;
				CLANG_WARN_DEPRECATED_OBJC_IMPLEMENTATIONS = YES;
				CLANG_WARN_DIRECT_OBJC_ISA_USAGE = YES_ERROR;
				CLANG_WARN_DOCUMENTATION_COMMENTS = YES;
				CLANG_WARN_EMPTY_BODY = YES;
				CLANG_WARN_ENUM_CONVERSION = YES;
				CLANG_WARN_INFINITE_RECURSION = YES;
				CLANG_WARN_INT_CONVERSION = YES;
				CLANG_WARN_NON_LITERAL_NULL_CONVERSION = YES;
				CLANG_WARN_OBJC_IMPLICIT_RETAIN_SELF = YES;
				CLANG_WARN_OBJC_LITERAL_CONVERSION = YES;
				CLANG_WARN_OBJC_ROOT_CLASS = YES_ERROR;
				CLANG_WARN_RANGE_LOOP_ANALYSIS = YES;
				CLANG_WARN_STRICT_PROTOTYPES = YES;
				CLANG_WARN_SUSPICIOUS_MOVE = YES;
				CLANG_WARN_UNGUARDED_AVAILABILITY = YES_AGGRESSIVE;
				CLANG_WARN_UNREACHABLE_CODE = YES;
				CLANG_WARN__DUPLICATE_METHOD_MATCH = YES;
				CODE_SIGN_IDENTITY = "iPhone Developer";
				COPY_PHASE_STRIP = NO;
				DEBUG_INFORMATION_FORMAT = dwarf;
				ENABLE_STRICT_OBJC_MSGSEND = YES;
				ENABLE_TESTABILITY = YES;
				GCC_C_LANGUAGE_STANDARD = gnu11;
				GCC_DYNAMIC_NO_PIC = NO;
				GCC_NO_COMMON_BLOCKS = YES;
				GCC_OPTIMIZATION_LEVEL = 0;
				GCC_PREPROCESSOR_DEFINITIONS = (
					"DEBUG=1",
					"$(inherited)",
				);
				GCC_WARN_64_TO_32_BIT_CONVERSION = YES;
				GCC_WARN_ABOUT_RETURN_TYPE = YES_ERROR;
				GCC_WARN_UNDECLARED_SELECTOR = YES;
				GCC_WARN_UNINITIALIZED_AUTOS = YES_AGGRESSIVE;
				GCC_WARN_UNUSED_FUNCTION = YES;
				GCC_WARN_UNUSED_VARIABLE = YES;
				IPHONEOS_DEPLOYMENT_TARGET = 11.2;
				MTL_ENABLE_DEBUG_INFO = YES;
				ONLY_ACTIVE_ARCH = YES;
				SDKROOT = iphoneos;
				SWIFT_ACTIVE_COMPILATION_CONDITIONS = DEBUG;
				SWIFT_OPTIMIZATION_LEVEL = "-Onone";
			};
			name = Debug;
		};
		5169C64A20AAA4460014E15D /* Release */ = {
			isa = XCBuildConfiguration;
			buildSettings = {
				ALWAYS_SEARCH_USER_PATHS = NO;
				CLANG_ANALYZER_NONNULL = YES;
				CLANG_ANALYZER_NUMBER_OBJECT_CONVERSION = YES_AGGRESSIVE;
				CLANG_CXX_LANGUAGE_STANDARD = "gnu++14";
				CLANG_CXX_LIBRARY = "libc++";
				CLANG_ENABLE_MODULES = YES;
				CLANG_ENABLE_OBJC_ARC = YES;
				CLANG_WARN_BLOCK_CAPTURE_AUTORELEASING = YES;
				CLANG_WARN_BOOL_CONVERSION = YES;
				CLANG_WARN_COMMA = YES;
				CLANG_WARN_CONSTANT_CONVERSION = YES;
				CLANG_WARN_DEPRECATED_OBJC_IMPLEMENTATIONS = YES;
				CLANG_WARN_DIRECT_OBJC_ISA_USAGE = YES_ERROR;
				CLANG_WARN_DOCUMENTATION_COMMENTS = YES;
				CLANG_WARN_EMPTY_BODY = YES;
				CLANG_WARN_ENUM_CONVERSION = YES;
				CLANG_WARN_INFINITE_RECURSION = YES;
				CLANG_WARN_INT_CONVERSION = YES;
				CLANG_WARN_NON_LITERAL_NULL_CONVERSION = YES;
				CLANG_WARN_OBJC_IMPLICIT_RETAIN_SELF = YES;
				CLANG_WARN_OBJC_LITERAL_CONVERSION = YES;
				CLANG_WARN_OBJC_ROOT_CLASS = YES_ERROR;
				CLANG_WARN_RANGE_LOOP_ANALYSIS = YES;
				CLANG_WARN_STRICT_PROTOTYPES = YES;
				CLANG_WARN_SUSPICIOUS_MOVE = YES;
				CLANG_WARN_UNGUARDED_AVAILABILITY = YES_AGGRESSIVE;
				CLANG_WARN_UNREACHABLE_CODE = YES;
				CLANG_WARN__DUPLICATE_METHOD_MATCH = YES;
				CODE_SIGN_IDENTITY = "iPhone Developer";
				COPY_PHASE_STRIP = NO;
				DEBUG_INFORMATION_FORMAT = "dwarf-with-dsym";
				ENABLE_NS_ASSERTIONS = NO;
				ENABLE_STRICT_OBJC_MSGSEND = YES;
				GCC_C_LANGUAGE_STANDARD = gnu11;
				GCC_NO_COMMON_BLOCKS = YES;
				GCC_WARN_64_TO_32_BIT_CONVERSION = YES;
				GCC_WARN_ABOUT_RETURN_TYPE = YES_ERROR;
				GCC_WARN_UNDECLARED_SELECTOR = YES;
				GCC_WARN_UNINITIALIZED_AUTOS = YES_AGGRESSIVE;
				GCC_WARN_UNUSED_FUNCTION = YES;
				GCC_WARN_UNUSED_VARIABLE = YES;
				IPHONEOS_DEPLOYMENT_TARGET = 11.2;
				MTL_ENABLE_DEBUG_INFO = NO;
				SDKROOT = iphoneos;
				SWIFT_OPTIMIZATION_LEVEL = "-Owholemodule";
				VALIDATE_PRODUCT = YES;
			};
			name = Release;
		};
		5169C64C20AAA4460014E15D /* Debug */ = {
			isa = XCBuildConfiguration;
			baseConfigurationReference = 5C03B93D7A28592C854E5A98 /* Pods-Smart Device Developement Project.debug.xcconfig */;
			buildSettings = {
				CLANG_ENABLE_MODULES = YES;
				CODE_SIGN_STYLE = Automatic;
				DEVELOPMENT_TEAM = "";
				FRAMEWORK_SEARCH_PATHS = (
					"$(inherited)",
					"$(PROJECT_DIR)/Pods",
				);
				INFOPLIST_FILE = "Smart Device Developement Project/Info.plist";
				LD_RUNPATH_SEARCH_PATHS = "$(inherited) @executable_path/Frameworks";
				PRODUCT_BUNDLE_IDENTIFIER = "com.nyp.Smart-Device-Developement-Project";
				PRODUCT_NAME = "$(TARGET_NAME)";
				SWIFT_OBJC_BRIDGING_HEADER = "Smart Device Developement Project/Helpers/Smart Device Developement Project-Bridging-Header.h";
				SWIFT_OPTIMIZATION_LEVEL = "-Onone";
				SWIFT_VERSION = 4.0;
				TARGETED_DEVICE_FAMILY = "1,2";
			};
			name = Debug;
		};
		5169C64D20AAA4460014E15D /* Release */ = {
			isa = XCBuildConfiguration;
			baseConfigurationReference = A17DA4018283E26F6203D928 /* Pods-Smart Device Developement Project.release.xcconfig */;
			buildSettings = {
				CLANG_ENABLE_MODULES = YES;
				CODE_SIGN_STYLE = Automatic;
				DEVELOPMENT_TEAM = "";
				FRAMEWORK_SEARCH_PATHS = (
					"$(inherited)",
					"$(PROJECT_DIR)/Pods",
				);
				INFOPLIST_FILE = "Smart Device Developement Project/Info.plist";
				LD_RUNPATH_SEARCH_PATHS = "$(inherited) @executable_path/Frameworks";
				PRODUCT_BUNDLE_IDENTIFIER = "com.nyp.Smart-Device-Developement-Project";
				PRODUCT_NAME = "$(TARGET_NAME)";
				SWIFT_OBJC_BRIDGING_HEADER = "Smart Device Developement Project/Helpers/Smart Device Developement Project-Bridging-Header.h";
				SWIFT_VERSION = 4.0;
				TARGETED_DEVICE_FAMILY = "1,2";
			};
			name = Release;
		};
		5169C64F20AAA4460014E15D /* Debug */ = {
			isa = XCBuildConfiguration;
			baseConfigurationReference = BEBD9E276B8F559FC8FC8F6D /* Pods-Smart Device Developement ProjectTests.debug.xcconfig */;
			buildSettings = {
				ALWAYS_EMBED_SWIFT_STANDARD_LIBRARIES = YES;
				BUNDLE_LOADER = "$(TEST_HOST)";
				CODE_SIGN_STYLE = Automatic;
				INFOPLIST_FILE = "Smart Device Developement ProjectTests/Info.plist";
				LD_RUNPATH_SEARCH_PATHS = "$(inherited) @executable_path/Frameworks @loader_path/Frameworks";
				PRODUCT_BUNDLE_IDENTIFIER = "com.nyp.Smart-Device-Developement-ProjectTests";
				PRODUCT_NAME = "$(TARGET_NAME)";
				SWIFT_VERSION = 4.0;
				TARGETED_DEVICE_FAMILY = "1,2";
				TEST_HOST = "$(BUILT_PRODUCTS_DIR)/Smart Device Developement Project.app/Smart Device Developement Project";
			};
			name = Debug;
		};
		5169C65020AAA4460014E15D /* Release */ = {
			isa = XCBuildConfiguration;
			baseConfigurationReference = 85E31B8A2FD15CE7A0458FDD /* Pods-Smart Device Developement ProjectTests.release.xcconfig */;
			buildSettings = {
				ALWAYS_EMBED_SWIFT_STANDARD_LIBRARIES = YES;
				BUNDLE_LOADER = "$(TEST_HOST)";
				CODE_SIGN_STYLE = Automatic;
				INFOPLIST_FILE = "Smart Device Developement ProjectTests/Info.plist";
				LD_RUNPATH_SEARCH_PATHS = "$(inherited) @executable_path/Frameworks @loader_path/Frameworks";
				PRODUCT_BUNDLE_IDENTIFIER = "com.nyp.Smart-Device-Developement-ProjectTests";
				PRODUCT_NAME = "$(TARGET_NAME)";
				SWIFT_VERSION = 4.0;
				TARGETED_DEVICE_FAMILY = "1,2";
				TEST_HOST = "$(BUILT_PRODUCTS_DIR)/Smart Device Developement Project.app/Smart Device Developement Project";
			};
			name = Release;
		};
		5169C65220AAA4460014E15D /* Debug */ = {
			isa = XCBuildConfiguration;
			baseConfigurationReference = 4409878569FD3028865B23C7 /* Pods-Smart Device Developement ProjectUITests.debug.xcconfig */;
			buildSettings = {
				ALWAYS_EMBED_SWIFT_STANDARD_LIBRARIES = YES;
				CODE_SIGN_STYLE = Automatic;
				INFOPLIST_FILE = "Smart Device Developement ProjectUITests/Info.plist";
				LD_RUNPATH_SEARCH_PATHS = "$(inherited) @executable_path/Frameworks @loader_path/Frameworks";
				PRODUCT_BUNDLE_IDENTIFIER = "com.nyp.Smart-Device-Developement-ProjectUITests";
				PRODUCT_NAME = "$(TARGET_NAME)";
				SWIFT_VERSION = 4.0;
				TARGETED_DEVICE_FAMILY = "1,2";
				TEST_TARGET_NAME = "Smart Device Developement Project";
			};
			name = Debug;
		};
		5169C65320AAA4460014E15D /* Release */ = {
			isa = XCBuildConfiguration;
			baseConfigurationReference = 79ADE2F87818DD9DC91939DB /* Pods-Smart Device Developement ProjectUITests.release.xcconfig */;
			buildSettings = {
				ALWAYS_EMBED_SWIFT_STANDARD_LIBRARIES = YES;
				CODE_SIGN_STYLE = Automatic;
				INFOPLIST_FILE = "Smart Device Developement ProjectUITests/Info.plist";
				LD_RUNPATH_SEARCH_PATHS = "$(inherited) @executable_path/Frameworks @loader_path/Frameworks";
				PRODUCT_BUNDLE_IDENTIFIER = "com.nyp.Smart-Device-Developement-ProjectUITests";
				PRODUCT_NAME = "$(TARGET_NAME)";
				SWIFT_VERSION = 4.0;
				TARGETED_DEVICE_FAMILY = "1,2";
				TEST_TARGET_NAME = "Smart Device Developement Project";
			};
			name = Release;
		};
/* End XCBuildConfiguration section */

/* Begin XCConfigurationList section */
		5169C61C20AAA4460014E15D /* Build configuration list for PBXProject "Smart Device Developement Project" */ = {
			isa = XCConfigurationList;
			buildConfigurations = (
				5169C64920AAA4460014E15D /* Debug */,
				5169C64A20AAA4460014E15D /* Release */,
			);
			defaultConfigurationIsVisible = 0;
			defaultConfigurationName = Release;
		};
		5169C64B20AAA4460014E15D /* Build configuration list for PBXNativeTarget "Smart Device Developement Project" */ = {
			isa = XCConfigurationList;
			buildConfigurations = (
				5169C64C20AAA4460014E15D /* Debug */,
				5169C64D20AAA4460014E15D /* Release */,
			);
			defaultConfigurationIsVisible = 0;
			defaultConfigurationName = Release;
		};
		5169C64E20AAA4460014E15D /* Build configuration list for PBXNativeTarget "Smart Device Developement ProjectTests" */ = {
			isa = XCConfigurationList;
			buildConfigurations = (
				5169C64F20AAA4460014E15D /* Debug */,
				5169C65020AAA4460014E15D /* Release */,
			);
			defaultConfigurationIsVisible = 0;
			defaultConfigurationName = Release;
		};
		5169C65120AAA4460014E15D /* Build configuration list for PBXNativeTarget "Smart Device Developement ProjectUITests" */ = {
			isa = XCConfigurationList;
			buildConfigurations = (
				5169C65220AAA4460014E15D /* Debug */,
				5169C65320AAA4460014E15D /* Release */,
			);
			defaultConfigurationIsVisible = 0;
			defaultConfigurationName = Release;
		};
/* End XCConfigurationList section */

/* Begin XCVersionGroup section */
		516C779420FDB1C10042F8CE /* Model.xcdatamodeld */ = {
			isa = XCVersionGroup;
			children = (
				516C779520FDB1C10042F8CE /* Model.xcdatamodel */,
			);
			currentVersion = 516C779520FDB1C10042F8CE /* Model.xcdatamodel */;
			path = Model.xcdatamodeld;
			sourceTree = "<group>";
			versionGroupType = wrapper.xcdatamodel;
		};
/* End XCVersionGroup section */
	};
	rootObject = 5169C61920AAA4460014E15D /* Project object */;
}
